// !$*UTF8*$!
{
	archiveVersion = 1;
	classes = {
	};
	objectVersion = 46;
	objects = {

/* Begin PBXBuildFile section */
		589AB1FB70AAFD447C4B6593 /* Pods_VK.framework in Frameworks */ = {isa = PBXBuildFile; fileRef = 823F02A44E0633643258E290 /* Pods_VK.framework */; };
		93265D57CD778740F1C6D68B /* Pods_VK_iMessage.framework in Frameworks */ = {isa = PBXBuildFile; fileRef = F445E16A39A301EDE2B1631D /* Pods_VK_iMessage.framework */; };
		D0DFEBB74FDD48D7E8639C14 /* Pods_VK_extension.framework in Frameworks */ = {isa = PBXBuildFile; fileRef = F049221374FD5F831CA491C4 /* Pods_VK_extension.framework */; };
		D4118C181FCCFB3A008E3D91 /* NewFriendsBackgroundFetchService.swift in Sources */ = {isa = PBXBuildFile; fileRef = D4118C171FCCFB3A008E3D91 /* NewFriendsBackgroundFetchService.swift */; };
		D4118C1A1FCD23ED008E3D91 /* NewFriendsRequestsController.swift in Sources */ = {isa = PBXBuildFile; fileRef = D4118C191FCD23ED008E3D91 /* NewFriendsRequestsController.swift */; };
		D4118C1C1FCD24B3008E3D91 /* NewFriendRequestCell.swift in Sources */ = {isa = PBXBuildFile; fileRef = D4118C1B1FCD24B3008E3D91 /* NewFriendRequestCell.swift */; };
		D4118C1E1FCD2B24008E3D91 /* NewFriend.swift in Sources */ = {isa = PBXBuildFile; fileRef = D4118C1D1FCD2B24008E3D91 /* NewFriend.swift */; };
		D42500071FCD90A70049EFF6 /* LoadNewFriendsOperation.swift in Sources */ = {isa = PBXBuildFile; fileRef = D42500061FCD90A70049EFF6 /* LoadNewFriendsOperation.swift */; };
		D43461C81FD79814008861E2 /* WatchAppNews.swift in Sources */ = {isa = PBXBuildFile; fileRef = D43461C71FD79814008861E2 /* WatchAppNews.swift */; };
		D43461CB1FD79B95008861E2 /* NewsRow.swift in Sources */ = {isa = PBXBuildFile; fileRef = D43461CA1FD79B95008861E2 /* NewsRow.swift */; };
		D43461CF1FD7BB72008861E2 /* SingleNewsController.swift in Sources */ = {isa = PBXBuildFile; fileRef = D43461CE1FD7BB72008861E2 /* SingleNewsController.swift */; };
		D43461D11FD7BD5C008861E2 /* WKInterfaceImageExension.swift in Sources */ = {isa = PBXBuildFile; fileRef = D43461D01FD7BD5C008861E2 /* WKInterfaceImageExension.swift */; };
		D436AFC81FCD544C00C5DE50 /* NotificationCenter.framework in Frameworks */ = {isa = PBXBuildFile; fileRef = D436AFC71FCD544C00C5DE50 /* NotificationCenter.framework */; };
		D436AFCB1FCD544C00C5DE50 /* TodayViewController.swift in Sources */ = {isa = PBXBuildFile; fileRef = D436AFCA1FCD544C00C5DE50 /* TodayViewController.swift */; };
		D436AFCE1FCD544C00C5DE50 /* MainInterface.storyboard in Resources */ = {isa = PBXBuildFile; fileRef = D436AFCC1FCD544C00C5DE50 /* MainInterface.storyboard */; };
		D436AFD21FCD544C00C5DE50 /* VK extension.appex in Embed App Extensions */ = {isa = PBXBuildFile; fileRef = D436AFC61FCD544C00C5DE50 /* VK extension.appex */; settings = {ATTRIBUTES = (RemoveHeadersOnCopy, ); }; };
		D436AFDA1FCD5E5000C5DE50 /* AsyncNetworkOperation.swift in Sources */ = {isa = PBXBuildFile; fileRef = D45DA4C01FC727C1002E5BD4 /* AsyncNetworkOperation.swift */; };
		D436AFDC1FCD5E8100C5DE50 /* LoadFriendsRequestsIDOperation.swift in Sources */ = {isa = PBXBuildFile; fileRef = D436AFDB1FCD5E8100C5DE50 /* LoadFriendsRequestsIDOperation.swift */; };
		D43CBC431F8161FC0061FF79 /* HTTPSessionManager.swift in Sources */ = {isa = PBXBuildFile; fileRef = D43CBC421F8161FC0061FF79 /* HTTPSessionManager.swift */; };
		D43CBC461F8162800061FF79 /* RequestFactory.swift in Sources */ = {isa = PBXBuildFile; fileRef = D43CBC451F8162800061FF79 /* RequestFactory.swift */; };
		D43CBC801F82D7660061FF79 /* User.swift in Sources */ = {isa = PBXBuildFile; fileRef = D43CBC7F1F82D7660061FF79 /* User.swift */; };
		D43CBC821F82F62B0061FF79 /* Photo.swift in Sources */ = {isa = PBXBuildFile; fileRef = D43CBC811F82F62B0061FF79 /* Photo.swift */; };
		D43CBC841F82FFC00061FF79 /* Group.swift in Sources */ = {isa = PBXBuildFile; fileRef = D43CBC831F82FFC00061FF79 /* Group.swift */; };
		D4416DBD1F70883E006720E1 /* FriendsListController.swift in Sources */ = {isa = PBXBuildFile; fileRef = D4416DBC1F70883E006720E1 /* FriendsListController.swift */; };
		D4416DBF1F7089D8006720E1 /* GroupsListController.swift in Sources */ = {isa = PBXBuildFile; fileRef = D4416DBE1F7089D8006720E1 /* GroupsListController.swift */; };
		D4416DC11F708AB8006720E1 /* FriendAvatarController.swift in Sources */ = {isa = PBXBuildFile; fileRef = D4416DC01F708AB8006720E1 /* FriendAvatarController.swift */; };
		D4416DED1F75475B006720E1 /* FriendTableViewCell.swift in Sources */ = {isa = PBXBuildFile; fileRef = D4416DEC1F75475B006720E1 /* FriendTableViewCell.swift */; };
		D4416DEF1F754CDE006720E1 /* AvatarCollectionViewCell.swift in Sources */ = {isa = PBXBuildFile; fileRef = D4416DEE1F754CDE006720E1 /* AvatarCollectionViewCell.swift */; };
		D4416DF11F755508006720E1 /* GroupTableViewCell.swift in Sources */ = {isa = PBXBuildFile; fileRef = D4416DF01F755508006720E1 /* GroupTableViewCell.swift */; };
		D4416DF31F755746006720E1 /* NewGroupsController.swift in Sources */ = {isa = PBXBuildFile; fileRef = D4416DF21F755746006720E1 /* NewGroupsController.swift */; };
		D4416DF71F756B60006720E1 /* NewGroupTableViewCell.swift in Sources */ = {isa = PBXBuildFile; fileRef = D4416DF61F756B60006720E1 /* NewGroupTableViewCell.swift */; };
		D45DA4C11FC727C1002E5BD4 /* AsyncNetworkOperation.swift in Sources */ = {isa = PBXBuildFile; fileRef = D45DA4C01FC727C1002E5BD4 /* AsyncNetworkOperation.swift */; };
		D45DA4C61FC782B2002E5BD4 /* VKServerAddressOperation.swift in Sources */ = {isa = PBXBuildFile; fileRef = D45DA4C51FC782B2002E5BD4 /* VKServerAddressOperation.swift */; };
		D45DA4C81FC78BC6002E5BD4 /* VKImageUploadingOperation.swift in Sources */ = {isa = PBXBuildFile; fileRef = D45DA4C71FC78BC6002E5BD4 /* VKImageUploadingOperation.swift */; };
		D45DA4CA1FC82681002E5BD4 /* VKSaveWallPhotoOperation.swift in Sources */ = {isa = PBXBuildFile; fileRef = D45DA4C91FC82681002E5BD4 /* VKSaveWallPhotoOperation.swift */; };
		D45DA4CF1FC8C84E002E5BD4 /* VKWallPostOperation.swift in Sources */ = {isa = PBXBuildFile; fileRef = D45DA4CE1FC8C84E002E5BD4 /* VKWallPostOperation.swift */; };
		D45F531B1FA821C000AE7B2F /* CellDataUpdating.swift in Sources */ = {isa = PBXBuildFile; fileRef = D45F531A1FA821C000AE7B2F /* CellDataUpdating.swift */; };
		D468B6181FB1E79600D1063A /* GoogleService-Info.plist in Resources */ = {isa = PBXBuildFile; fileRef = D468B6171FB1E79600D1063A /* GoogleService-Info.plist */; };
		D468B61A1FB1FB8E00D1063A /* UserDB.swift in Sources */ = {isa = PBXBuildFile; fileRef = D468B6191FB1FB8E00D1063A /* UserDB.swift */; };
		D468B61C1FB1FC0D00D1063A /* GroupDB.swift in Sources */ = {isa = PBXBuildFile; fileRef = D468B61B1FB1FC0D00D1063A /* GroupDB.swift */; };
		D46A678F1FA7E1BF00F9A5BD /* PhotoDownloadService.swift in Sources */ = {isa = PBXBuildFile; fileRef = D46A678E1FA7E1BF00F9A5BD /* PhotoDownloadService.swift */; };
		D46A67911FA7E7D400F9A5BD /* ImageToRowBindingOperation.swift in Sources */ = {isa = PBXBuildFile; fileRef = D46A67901FA7E7D400F9A5BD /* ImageToRowBindingOperation.swift */; };
		D46A67931FA7F07100F9A5BD /* ImageViewCellProtocol.swift in Sources */ = {isa = PBXBuildFile; fileRef = D46A67921FA7F07100F9A5BD /* ImageViewCellProtocol.swift */; };
		D46A67971FA7F9AD00F9A5BD /* DownloadServiceProtocol.swift in Sources */ = {isa = PBXBuildFile; fileRef = D46A67961FA7F9AD00F9A5BD /* DownloadServiceProtocol.swift */; };
		D47B29681F86F7B10024D191 /* Storage.swift in Sources */ = {isa = PBXBuildFile; fileRef = D47B29671F86F7B10024D191 /* Storage.swift */; };
		D480E8991FDA22B000392FEC /* LocalNotificationsService.swift in Sources */ = {isa = PBXBuildFile; fileRef = D480E8981FDA22B000392FEC /* LocalNotificationsService.swift */; };
		D48F23F91FD1028A00347F78 /* Storage.swift in Sources */ = {isa = PBXBuildFile; fileRef = D47B29671F86F7B10024D191 /* Storage.swift */; };
		D48F23FA1FD1028C00347F78 /* Storage.swift in Sources */ = {isa = PBXBuildFile; fileRef = D47B29671F86F7B10024D191 /* Storage.swift */; };
		D48F23FB1FD1034600347F78 /* User.swift in Sources */ = {isa = PBXBuildFile; fileRef = D43CBC7F1F82D7660061FF79 /* User.swift */; };
		D48F23FC1FD1034600347F78 /* User.swift in Sources */ = {isa = PBXBuildFile; fileRef = D43CBC7F1F82D7660061FF79 /* User.swift */; };
		D48F23FD1FD1035100347F78 /* Photo.swift in Sources */ = {isa = PBXBuildFile; fileRef = D43CBC811F82F62B0061FF79 /* Photo.swift */; };
		D48F23FE1FD1035100347F78 /* Group.swift in Sources */ = {isa = PBXBuildFile; fileRef = D43CBC831F82FFC00061FF79 /* Group.swift */; };
		D48F24001FD1035100347F78 /* NewFriend.swift in Sources */ = {isa = PBXBuildFile; fileRef = D4118C1D1FCD2B24008E3D91 /* NewFriend.swift */; };
		D48F24011FD1035200347F78 /* Photo.swift in Sources */ = {isa = PBXBuildFile; fileRef = D43CBC811F82F62B0061FF79 /* Photo.swift */; };
		D48F24021FD1035200347F78 /* Group.swift in Sources */ = {isa = PBXBuildFile; fileRef = D43CBC831F82FFC00061FF79 /* Group.swift */; };
		D48F24041FD1035200347F78 /* NewFriend.swift in Sources */ = {isa = PBXBuildFile; fileRef = D4118C1D1FCD2B24008E3D91 /* NewFriend.swift */; };
		D48F24061FD1096900347F78 /* Assets.xcassets in Resources */ = {isa = PBXBuildFile; fileRef = D4CD9AC51F6866420079A121 /* Assets.xcassets */; };
		D49D219C1FBEF6AB007A1D4C /* AddPostController.swift in Sources */ = {isa = PBXBuildFile; fileRef = D49D219B1FBEF6AB007A1D4C /* AddPostController.swift */; };
		D49D21A61FBF308B007A1D4C /* UITextViewExtension.swift in Sources */ = {isa = PBXBuildFile; fileRef = D49D21A51FBF308B007A1D4C /* UITextViewExtension.swift */; };
		D49D21A91FC27634007A1D4C /* LocationService.swift in Sources */ = {isa = PBXBuildFile; fileRef = D49D21A81FC27634007A1D4C /* LocationService.swift */; };
		D49D21AB1FC27716007A1D4C /* LocationServiceDelegate.swift in Sources */ = {isa = PBXBuildFile; fileRef = D49D21AA1FC27716007A1D4C /* LocationServiceDelegate.swift */; };
		D4CB099F1FD6DB9800F0449A /* Interface.storyboard in Resources */ = {isa = PBXBuildFile; fileRef = D4CB099D1FD6DB9800F0449A /* Interface.storyboard */; };
		D4CB09A11FD6DB9800F0449A /* Assets.xcassets in Resources */ = {isa = PBXBuildFile; fileRef = D4CB09A01FD6DB9800F0449A /* Assets.xcassets */; };
		D4CB09A81FD6DB9800F0449A /* VK watch Extension.appex in Embed App Extensions */ = {isa = PBXBuildFile; fileRef = D4CB09A71FD6DB9800F0449A /* VK watch Extension.appex */; settings = {ATTRIBUTES = (RemoveHeadersOnCopy, ); }; };
		D4CB09AD1FD6DB9800F0449A /* InterfaceController.swift in Sources */ = {isa = PBXBuildFile; fileRef = D4CB09AC1FD6DB9800F0449A /* InterfaceController.swift */; };
		D4CB09AF1FD6DB9800F0449A /* ExtensionDelegate.swift in Sources */ = {isa = PBXBuildFile; fileRef = D4CB09AE1FD6DB9800F0449A /* ExtensionDelegate.swift */; };
		D4CB09B31FD6DB9800F0449A /* Assets.xcassets in Resources */ = {isa = PBXBuildFile; fileRef = D4CB09B21FD6DB9800F0449A /* Assets.xcassets */; };
		D4CB09B81FD6DB9800F0449A /* VK watch.app in Embed Watch Content */ = {isa = PBXBuildFile; fileRef = D4CB099B1FD6DB9800F0449A /* VK watch.app */; };
		D4CB09C61FD6E73600F0449A /* Assets.xcassets in Resources */ = {isa = PBXBuildFile; fileRef = D4CD9AC51F6866420079A121 /* Assets.xcassets */; };
		D4CB09C81FD6FF4A00F0449A /* WKInterfaceImageExtension.swift in Sources */ = {isa = PBXBuildFile; fileRef = D4CB09C71FD6FF4A00F0449A /* WKInterfaceImageExtension.swift */; };
		D4CB09CA1FD705B300F0449A /* NewsListWatchAppHandler.swift in Sources */ = {isa = PBXBuildFile; fileRef = D4CB09C91FD705B300F0449A /* NewsListWatchAppHandler.swift */; };
		D4CCC4521FA2B930005CAEF5 /* DateExtension.swift in Sources */ = {isa = PBXBuildFile; fileRef = D4CCC4511FA2B930005CAEF5 /* DateExtension.swift */; };
		D4CCC4571FA37B10005CAEF5 /* CachedImageOperation.swift in Sources */ = {isa = PBXBuildFile; fileRef = D4CCC4561FA37B10005CAEF5 /* CachedImageOperation.swift */; };
		D4CCC4591FA39034005CAEF5 /* FileManagerExtension.swift in Sources */ = {isa = PBXBuildFile; fileRef = D4CCC4581FA39034005CAEF5 /* FileManagerExtension.swift */; };
		D4CD9ABF1F6866420079A121 /* AppDelegate.swift in Sources */ = {isa = PBXBuildFile; fileRef = D4CD9ABE1F6866420079A121 /* AppDelegate.swift */; };
		D4CD9AC41F6866420079A121 /* Main.storyboard in Resources */ = {isa = PBXBuildFile; fileRef = D4CD9AC21F6866420079A121 /* Main.storyboard */; };
		D4CD9AC61F6866420079A121 /* Assets.xcassets in Resources */ = {isa = PBXBuildFile; fileRef = D4CD9AC51F6866420079A121 /* Assets.xcassets */; };
		D4CD9AC91F6866420079A121 /* LaunchScreen.storyboard in Resources */ = {isa = PBXBuildFile; fileRef = D4CD9AC71F6866420079A121 /* LaunchScreen.storyboard */; };
		D4F332171F962F0F0003765E /* NewsFeedTableViewController.swift in Sources */ = {isa = PBXBuildFile; fileRef = D4F332161F962F0F0003765E /* NewsFeedTableViewController.swift */; };
		D4F332191F962FAB0003765E /* News.swift in Sources */ = {isa = PBXBuildFile; fileRef = D4F332181F962FAB0003765E /* News.swift */; };
		D4F3321B1F9645F20003765E /* NewsFeedTableViewCell.swift in Sources */ = {isa = PBXBuildFile; fileRef = D4F3321A1F9645F20003765E /* NewsFeedTableViewCell.swift */; };
		D4F3322A1F9F7F5D0003765E /* NewsService.swift in Sources */ = {isa = PBXBuildFile; fileRef = D4F332291F9F7F5D0003765E /* NewsService.swift */; };
		D4F3322C1F9F87D70003765E /* JSONParsingProtocol.swift in Sources */ = {isa = PBXBuildFile; fileRef = D4F3322B1F9F87D70003765E /* JSONParsingProtocol.swift */; };
		D4F3322E1F9F88460003765E /* NewsParser.swift in Sources */ = {isa = PBXBuildFile; fileRef = D4F3322D1F9F88460003765E /* NewsParser.swift */; };
		D4FA80C01FD0E3230018421B /* Messages.framework in Frameworks */ = {isa = PBXBuildFile; fileRef = D4FA80BF1FD0E3230018421B /* Messages.framework */; };
		D4FA80C31FD0E3230018421B /* MessagesViewController.swift in Sources */ = {isa = PBXBuildFile; fileRef = D4FA80C21FD0E3230018421B /* MessagesViewController.swift */; };
		D4FA80C61FD0E3230018421B /* MainInterface.storyboard in Resources */ = {isa = PBXBuildFile; fileRef = D4FA80C41FD0E3230018421B /* MainInterface.storyboard */; };
		D4FA80C81FD0E3230018421B /* Assets.xcassets in Resources */ = {isa = PBXBuildFile; fileRef = D4FA80C71FD0E3230018421B /* Assets.xcassets */; };
		D4FA80CC1FD0E3230018421B /* VK iMessage.appex in Embed App Extensions */ = {isa = PBXBuildFile; fileRef = D4FA80BE1FD0E3230018421B /* VK iMessage.appex */; settings = {ATTRIBUTES = (RemoveHeadersOnCopy, ); }; };
		D4FCBC781F80074800E6E45C /* VKLoginViewController.swift in Sources */ = {isa = PBXBuildFile; fileRef = D4FCBC771F80074800E6E45C /* VKLoginViewController.swift */; };
/* End PBXBuildFile section */

/* Begin PBXContainerItemProxy section */
		D436AFD01FCD544C00C5DE50 /* PBXContainerItemProxy */ = {
			isa = PBXContainerItemProxy;
			containerPortal = D4CD9AB31F6866420079A121 /* Project object */;
			proxyType = 1;
			remoteGlobalIDString = D436AFC51FCD544C00C5DE50;
			remoteInfo = "VK extension";
		};
		D4CB09A91FD6DB9800F0449A /* PBXContainerItemProxy */ = {
			isa = PBXContainerItemProxy;
			containerPortal = D4CD9AB31F6866420079A121 /* Project object */;
			proxyType = 1;
			remoteGlobalIDString = D4CB09A61FD6DB9800F0449A;
			remoteInfo = "VK watch Extension";
		};
		D4CB09B61FD6DB9800F0449A /* PBXContainerItemProxy */ = {
			isa = PBXContainerItemProxy;
			containerPortal = D4CD9AB31F6866420079A121 /* Project object */;
			proxyType = 1;
			remoteGlobalIDString = D4CB099A1FD6DB9800F0449A;
			remoteInfo = "VK watch";
		};
		D4FA80CA1FD0E3230018421B /* PBXContainerItemProxy */ = {
			isa = PBXContainerItemProxy;
			containerPortal = D4CD9AB31F6866420079A121 /* Project object */;
			proxyType = 1;
			remoteGlobalIDString = D4FA80BD1FD0E3230018421B;
			remoteInfo = "VK iMessage";
		};
/* End PBXContainerItemProxy section */

/* Begin PBXCopyFilesBuildPhase section */
		D436AFD61FCD544C00C5DE50 /* Embed App Extensions */ = {
			isa = PBXCopyFilesBuildPhase;
			buildActionMask = 2147483647;
			dstPath = "";
			dstSubfolderSpec = 13;
			files = (
				D4FA80CC1FD0E3230018421B /* VK iMessage.appex in Embed App Extensions */,
				D436AFD21FCD544C00C5DE50 /* VK extension.appex in Embed App Extensions */,
			);
			name = "Embed App Extensions";
			runOnlyForDeploymentPostprocessing = 0;
		};
		D4CB09BE1FD6DB9800F0449A /* Embed App Extensions */ = {
			isa = PBXCopyFilesBuildPhase;
			buildActionMask = 2147483647;
			dstPath = "";
			dstSubfolderSpec = 13;
			files = (
				D4CB09A81FD6DB9800F0449A /* VK watch Extension.appex in Embed App Extensions */,
			);
			name = "Embed App Extensions";
			runOnlyForDeploymentPostprocessing = 0;
		};
		D4CB09C01FD6DB9800F0449A /* Embed Watch Content */ = {
			isa = PBXCopyFilesBuildPhase;
			buildActionMask = 2147483647;
			dstPath = "$(CONTENTS_FOLDER_PATH)/Watch";
			dstSubfolderSpec = 16;
			files = (
				D4CB09B81FD6DB9800F0449A /* VK watch.app in Embed Watch Content */,
			);
			name = "Embed Watch Content";
			runOnlyForDeploymentPostprocessing = 0;
		};
/* End PBXCopyFilesBuildPhase section */

/* Begin PBXFileReference section */
		0E0CC72051CAAB35FE8ABD9F /* Pods-VK.debug.xcconfig */ = {isa = PBXFileReference; includeInIndex = 1; lastKnownFileType = text.xcconfig; name = "Pods-VK.debug.xcconfig"; path = "Pods/Target Support Files/Pods-VK/Pods-VK.debug.xcconfig"; sourceTree = "<group>"; };
		662DD257E886D1A04CA5E75C /* Pods-VK extension.release.xcconfig */ = {isa = PBXFileReference; includeInIndex = 1; lastKnownFileType = text.xcconfig; name = "Pods-VK extension.release.xcconfig"; path = "Pods/Target Support Files/Pods-VK extension/Pods-VK extension.release.xcconfig"; sourceTree = "<group>"; };
		7D6722759780BD67D1240AEF /* Pods-VK extension.debug.xcconfig */ = {isa = PBXFileReference; includeInIndex = 1; lastKnownFileType = text.xcconfig; name = "Pods-VK extension.debug.xcconfig"; path = "Pods/Target Support Files/Pods-VK extension/Pods-VK extension.debug.xcconfig"; sourceTree = "<group>"; };
		823F02A44E0633643258E290 /* Pods_VK.framework */ = {isa = PBXFileReference; explicitFileType = wrapper.framework; includeInIndex = 0; path = Pods_VK.framework; sourceTree = BUILT_PRODUCTS_DIR; };
		8B5CA7E196ED9A947A5A5CF2 /* Pods-VK.release.xcconfig */ = {isa = PBXFileReference; includeInIndex = 1; lastKnownFileType = text.xcconfig; name = "Pods-VK.release.xcconfig"; path = "Pods/Target Support Files/Pods-VK/Pods-VK.release.xcconfig"; sourceTree = "<group>"; };
		B25CA9819DD830E421478025 /* Pods-VK iMessage.debug.xcconfig */ = {isa = PBXFileReference; includeInIndex = 1; lastKnownFileType = text.xcconfig; name = "Pods-VK iMessage.debug.xcconfig"; path = "Pods/Target Support Files/Pods-VK iMessage/Pods-VK iMessage.debug.xcconfig"; sourceTree = "<group>"; };
		C2CCF0720F880DA01BAA17D8 /* Pods-VK iMessage.release.xcconfig */ = {isa = PBXFileReference; includeInIndex = 1; lastKnownFileType = text.xcconfig; name = "Pods-VK iMessage.release.xcconfig"; path = "Pods/Target Support Files/Pods-VK iMessage/Pods-VK iMessage.release.xcconfig"; sourceTree = "<group>"; };
		D4118C171FCCFB3A008E3D91 /* NewFriendsBackgroundFetchService.swift */ = {isa = PBXFileReference; lastKnownFileType = sourcecode.swift; path = NewFriendsBackgroundFetchService.swift; sourceTree = "<group>"; };
		D4118C191FCD23ED008E3D91 /* NewFriendsRequestsController.swift */ = {isa = PBXFileReference; lastKnownFileType = sourcecode.swift; path = NewFriendsRequestsController.swift; sourceTree = "<group>"; };
		D4118C1B1FCD24B3008E3D91 /* NewFriendRequestCell.swift */ = {isa = PBXFileReference; lastKnownFileType = sourcecode.swift; path = NewFriendRequestCell.swift; sourceTree = "<group>"; };
		D4118C1D1FCD2B24008E3D91 /* NewFriend.swift */ = {isa = PBXFileReference; lastKnownFileType = sourcecode.swift; path = NewFriend.swift; sourceTree = "<group>"; };
		D42500061FCD90A70049EFF6 /* LoadNewFriendsOperation.swift */ = {isa = PBXFileReference; lastKnownFileType = sourcecode.swift; path = LoadNewFriendsOperation.swift; sourceTree = "<group>"; };
		D43461C71FD79814008861E2 /* WatchAppNews.swift */ = {isa = PBXFileReference; lastKnownFileType = sourcecode.swift; path = WatchAppNews.swift; sourceTree = "<group>"; };
		D43461CA1FD79B95008861E2 /* NewsRow.swift */ = {isa = PBXFileReference; lastKnownFileType = sourcecode.swift; path = NewsRow.swift; sourceTree = "<group>"; };
		D43461CE1FD7BB72008861E2 /* SingleNewsController.swift */ = {isa = PBXFileReference; lastKnownFileType = sourcecode.swift; path = SingleNewsController.swift; sourceTree = "<group>"; };
		D43461D01FD7BD5C008861E2 /* WKInterfaceImageExension.swift */ = {isa = PBXFileReference; lastKnownFileType = sourcecode.swift; path = WKInterfaceImageExension.swift; sourceTree = "<group>"; };
		D436AFC61FCD544C00C5DE50 /* VK extension.appex */ = {isa = PBXFileReference; explicitFileType = "wrapper.app-extension"; includeInIndex = 0; path = "VK extension.appex"; sourceTree = BUILT_PRODUCTS_DIR; };
		D436AFC71FCD544C00C5DE50 /* NotificationCenter.framework */ = {isa = PBXFileReference; lastKnownFileType = wrapper.framework; name = NotificationCenter.framework; path = System/Library/Frameworks/NotificationCenter.framework; sourceTree = SDKROOT; };
		D436AFCA1FCD544C00C5DE50 /* TodayViewController.swift */ = {isa = PBXFileReference; lastKnownFileType = sourcecode.swift; path = TodayViewController.swift; sourceTree = "<group>"; };
		D436AFCD1FCD544C00C5DE50 /* Base */ = {isa = PBXFileReference; lastKnownFileType = file.storyboard; name = Base; path = Base.lproj/MainInterface.storyboard; sourceTree = "<group>"; };
		D436AFCF1FCD544C00C5DE50 /* Info.plist */ = {isa = PBXFileReference; lastKnownFileType = text.plist.xml; path = Info.plist; sourceTree = "<group>"; };
		D436AFD71FCD545700C5DE50 /* VK extension.entitlements */ = {isa = PBXFileReference; lastKnownFileType = text.plist.entitlements; path = "VK extension.entitlements"; sourceTree = "<group>"; };
		D436AFDB1FCD5E8100C5DE50 /* LoadFriendsRequestsIDOperation.swift */ = {isa = PBXFileReference; lastKnownFileType = sourcecode.swift; path = LoadFriendsRequestsIDOperation.swift; sourceTree = "<group>"; };
		D436AFE21FCD820900C5DE50 /* VK.entitlements */ = {isa = PBXFileReference; lastKnownFileType = text.plist.entitlements; path = VK.entitlements; sourceTree = SOURCE_ROOT; };
		D43CBC421F8161FC0061FF79 /* HTTPSessionManager.swift */ = {isa = PBXFileReference; lastKnownFileType = sourcecode.swift; path = HTTPSessionManager.swift; sourceTree = "<group>"; };
		D43CBC451F8162800061FF79 /* RequestFactory.swift */ = {isa = PBXFileReference; lastKnownFileType = sourcecode.swift; path = RequestFactory.swift; sourceTree = "<group>"; };
		D43CBC7F1F82D7660061FF79 /* User.swift */ = {isa = PBXFileReference; lastKnownFileType = sourcecode.swift; path = User.swift; sourceTree = "<group>"; };
		D43CBC811F82F62B0061FF79 /* Photo.swift */ = {isa = PBXFileReference; lastKnownFileType = sourcecode.swift; path = Photo.swift; sourceTree = "<group>"; };
		D43CBC831F82FFC00061FF79 /* Group.swift */ = {isa = PBXFileReference; lastKnownFileType = sourcecode.swift; path = Group.swift; sourceTree = "<group>"; };
		D4416DBC1F70883E006720E1 /* FriendsListController.swift */ = {isa = PBXFileReference; fileEncoding = 4; lastKnownFileType = sourcecode.swift; path = FriendsListController.swift; sourceTree = "<group>"; };
		D4416DBE1F7089D8006720E1 /* GroupsListController.swift */ = {isa = PBXFileReference; fileEncoding = 4; lastKnownFileType = sourcecode.swift; path = GroupsListController.swift; sourceTree = "<group>"; };
		D4416DC01F708AB8006720E1 /* FriendAvatarController.swift */ = {isa = PBXFileReference; fileEncoding = 4; lastKnownFileType = sourcecode.swift; path = FriendAvatarController.swift; sourceTree = "<group>"; };
		D4416DEC1F75475B006720E1 /* FriendTableViewCell.swift */ = {isa = PBXFileReference; fileEncoding = 4; lastKnownFileType = sourcecode.swift; path = FriendTableViewCell.swift; sourceTree = "<group>"; };
		D4416DEE1F754CDE006720E1 /* AvatarCollectionViewCell.swift */ = {isa = PBXFileReference; fileEncoding = 4; lastKnownFileType = sourcecode.swift; path = AvatarCollectionViewCell.swift; sourceTree = "<group>"; };
		D4416DF01F755508006720E1 /* GroupTableViewCell.swift */ = {isa = PBXFileReference; fileEncoding = 4; lastKnownFileType = sourcecode.swift; path = GroupTableViewCell.swift; sourceTree = "<group>"; };
		D4416DF21F755746006720E1 /* NewGroupsController.swift */ = {isa = PBXFileReference; fileEncoding = 4; lastKnownFileType = sourcecode.swift; path = NewGroupsController.swift; sourceTree = "<group>"; };
		D4416DF61F756B60006720E1 /* NewGroupTableViewCell.swift */ = {isa = PBXFileReference; fileEncoding = 4; lastKnownFileType = sourcecode.swift; path = NewGroupTableViewCell.swift; sourceTree = "<group>"; };
		D45DA4C01FC727C1002E5BD4 /* AsyncNetworkOperation.swift */ = {isa = PBXFileReference; lastKnownFileType = sourcecode.swift; path = AsyncNetworkOperation.swift; sourceTree = "<group>"; };
		D45DA4C51FC782B2002E5BD4 /* VKServerAddressOperation.swift */ = {isa = PBXFileReference; lastKnownFileType = sourcecode.swift; path = VKServerAddressOperation.swift; sourceTree = "<group>"; };
		D45DA4C71FC78BC6002E5BD4 /* VKImageUploadingOperation.swift */ = {isa = PBXFileReference; lastKnownFileType = sourcecode.swift; path = VKImageUploadingOperation.swift; sourceTree = "<group>"; };
		D45DA4C91FC82681002E5BD4 /* VKSaveWallPhotoOperation.swift */ = {isa = PBXFileReference; lastKnownFileType = sourcecode.swift; path = VKSaveWallPhotoOperation.swift; sourceTree = "<group>"; };
		D45DA4CE1FC8C84E002E5BD4 /* VKWallPostOperation.swift */ = {isa = PBXFileReference; lastKnownFileType = sourcecode.swift; path = VKWallPostOperation.swift; sourceTree = "<group>"; };
		D45F531A1FA821C000AE7B2F /* CellDataUpdating.swift */ = {isa = PBXFileReference; lastKnownFileType = sourcecode.swift; path = CellDataUpdating.swift; sourceTree = "<group>"; };
		D468B6171FB1E79600D1063A /* GoogleService-Info.plist */ = {isa = PBXFileReference; fileEncoding = 4; lastKnownFileType = text.plist.xml; path = "GoogleService-Info.plist"; sourceTree = "<group>"; };
		D468B6191FB1FB8E00D1063A /* UserDB.swift */ = {isa = PBXFileReference; lastKnownFileType = sourcecode.swift; path = UserDB.swift; sourceTree = "<group>"; };
		D468B61B1FB1FC0D00D1063A /* GroupDB.swift */ = {isa = PBXFileReference; lastKnownFileType = sourcecode.swift; path = GroupDB.swift; sourceTree = "<group>"; };
		D46A678E1FA7E1BF00F9A5BD /* PhotoDownloadService.swift */ = {isa = PBXFileReference; lastKnownFileType = sourcecode.swift; path = PhotoDownloadService.swift; sourceTree = "<group>"; };
		D46A67901FA7E7D400F9A5BD /* ImageToRowBindingOperation.swift */ = {isa = PBXFileReference; lastKnownFileType = sourcecode.swift; path = ImageToRowBindingOperation.swift; sourceTree = "<group>"; };
		D46A67921FA7F07100F9A5BD /* ImageViewCellProtocol.swift */ = {isa = PBXFileReference; lastKnownFileType = sourcecode.swift; path = ImageViewCellProtocol.swift; sourceTree = "<group>"; };
		D46A67961FA7F9AD00F9A5BD /* DownloadServiceProtocol.swift */ = {isa = PBXFileReference; lastKnownFileType = sourcecode.swift; path = DownloadServiceProtocol.swift; sourceTree = "<group>"; };
		D47B29671F86F7B10024D191 /* Storage.swift */ = {isa = PBXFileReference; lastKnownFileType = sourcecode.swift; path = Storage.swift; sourceTree = "<group>"; };
		D480E8981FDA22B000392FEC /* LocalNotificationsService.swift */ = {isa = PBXFileReference; lastKnownFileType = sourcecode.swift; path = LocalNotificationsService.swift; sourceTree = "<group>"; };
		D49D219B1FBEF6AB007A1D4C /* AddPostController.swift */ = {isa = PBXFileReference; lastKnownFileType = sourcecode.swift; path = AddPostController.swift; sourceTree = "<group>"; };
		D49D21A51FBF308B007A1D4C /* UITextViewExtension.swift */ = {isa = PBXFileReference; lastKnownFileType = sourcecode.swift; path = UITextViewExtension.swift; sourceTree = "<group>"; };
		D49D21A81FC27634007A1D4C /* LocationService.swift */ = {isa = PBXFileReference; lastKnownFileType = sourcecode.swift; path = LocationService.swift; sourceTree = "<group>"; };
		D49D21AA1FC27716007A1D4C /* LocationServiceDelegate.swift */ = {isa = PBXFileReference; lastKnownFileType = sourcecode.swift; path = LocationServiceDelegate.swift; sourceTree = "<group>"; };
		D4ACAFFA1FD0F8DC006023C6 /* VK iMessage.entitlements */ = {isa = PBXFileReference; lastKnownFileType = text.plist.entitlements; path = "VK iMessage.entitlements"; sourceTree = "<group>"; };
		D4CB099B1FD6DB9800F0449A /* VK watch.app */ = {isa = PBXFileReference; explicitFileType = wrapper.application; includeInIndex = 0; path = "VK watch.app"; sourceTree = BUILT_PRODUCTS_DIR; };
		D4CB099E1FD6DB9800F0449A /* Base */ = {isa = PBXFileReference; lastKnownFileType = file.storyboard; name = Base; path = Base.lproj/Interface.storyboard; sourceTree = "<group>"; };
		D4CB09A01FD6DB9800F0449A /* Assets.xcassets */ = {isa = PBXFileReference; lastKnownFileType = folder.assetcatalog; path = Assets.xcassets; sourceTree = "<group>"; };
		D4CB09A21FD6DB9800F0449A /* Info.plist */ = {isa = PBXFileReference; lastKnownFileType = text.plist.xml; path = Info.plist; sourceTree = "<group>"; };
		D4CB09A71FD6DB9800F0449A /* VK watch Extension.appex */ = {isa = PBXFileReference; explicitFileType = "wrapper.app-extension"; includeInIndex = 0; path = "VK watch Extension.appex"; sourceTree = BUILT_PRODUCTS_DIR; };
		D4CB09AC1FD6DB9800F0449A /* InterfaceController.swift */ = {isa = PBXFileReference; lastKnownFileType = sourcecode.swift; path = InterfaceController.swift; sourceTree = "<group>"; };
		D4CB09AE1FD6DB9800F0449A /* ExtensionDelegate.swift */ = {isa = PBXFileReference; lastKnownFileType = sourcecode.swift; path = ExtensionDelegate.swift; sourceTree = "<group>"; };
		D4CB09B21FD6DB9800F0449A /* Assets.xcassets */ = {isa = PBXFileReference; lastKnownFileType = folder.assetcatalog; path = Assets.xcassets; sourceTree = "<group>"; };
		D4CB09B41FD6DB9800F0449A /* Info.plist */ = {isa = PBXFileReference; lastKnownFileType = text.plist.xml; path = Info.plist; sourceTree = "<group>"; };
		D4CB09B51FD6DB9800F0449A /* PushNotificationPayload.apns */ = {isa = PBXFileReference; lastKnownFileType = text; path = PushNotificationPayload.apns; sourceTree = "<group>"; };
		D4CB09C71FD6FF4A00F0449A /* WKInterfaceImageExtension.swift */ = {isa = PBXFileReference; lastKnownFileType = sourcecode.swift; path = WKInterfaceImageExtension.swift; sourceTree = "<group>"; };
		D4CB09C91FD705B300F0449A /* NewsListWatchAppHandler.swift */ = {isa = PBXFileReference; lastKnownFileType = sourcecode.swift; path = NewsListWatchAppHandler.swift; sourceTree = "<group>"; };
		D4CCC4511FA2B930005CAEF5 /* DateExtension.swift */ = {isa = PBXFileReference; lastKnownFileType = sourcecode.swift; path = DateExtension.swift; sourceTree = "<group>"; };
		D4CCC4561FA37B10005CAEF5 /* CachedImageOperation.swift */ = {isa = PBXFileReference; lastKnownFileType = sourcecode.swift; path = CachedImageOperation.swift; sourceTree = "<group>"; };
		D4CCC4581FA39034005CAEF5 /* FileManagerExtension.swift */ = {isa = PBXFileReference; lastKnownFileType = sourcecode.swift; path = FileManagerExtension.swift; sourceTree = "<group>"; };
		D4CD9ABB1F6866420079A121 /* VK.app */ = {isa = PBXFileReference; explicitFileType = wrapper.application; includeInIndex = 0; path = VK.app; sourceTree = BUILT_PRODUCTS_DIR; };
		D4CD9ABE1F6866420079A121 /* AppDelegate.swift */ = {isa = PBXFileReference; lastKnownFileType = sourcecode.swift; path = AppDelegate.swift; sourceTree = "<group>"; };
		D4CD9AC31F6866420079A121 /* Base */ = {isa = PBXFileReference; lastKnownFileType = file.storyboard; name = Base; path = Base.lproj/Main.storyboard; sourceTree = "<group>"; };
		D4CD9AC51F6866420079A121 /* Assets.xcassets */ = {isa = PBXFileReference; lastKnownFileType = folder.assetcatalog; path = Assets.xcassets; sourceTree = "<group>"; };
		D4CD9AC81F6866420079A121 /* Base */ = {isa = PBXFileReference; lastKnownFileType = file.storyboard; name = Base; path = Base.lproj/LaunchScreen.storyboard; sourceTree = "<group>"; };
		D4CD9ACA1F6866420079A121 /* Info.plist */ = {isa = PBXFileReference; lastKnownFileType = text.plist.xml; path = Info.plist; sourceTree = "<group>"; };
		D4F332161F962F0F0003765E /* NewsFeedTableViewController.swift */ = {isa = PBXFileReference; lastKnownFileType = sourcecode.swift; path = NewsFeedTableViewController.swift; sourceTree = "<group>"; };
		D4F332181F962FAB0003765E /* News.swift */ = {isa = PBXFileReference; lastKnownFileType = sourcecode.swift; path = News.swift; sourceTree = "<group>"; };
		D4F3321A1F9645F20003765E /* NewsFeedTableViewCell.swift */ = {isa = PBXFileReference; lastKnownFileType = sourcecode.swift; path = NewsFeedTableViewCell.swift; sourceTree = "<group>"; };
		D4F332291F9F7F5D0003765E /* NewsService.swift */ = {isa = PBXFileReference; lastKnownFileType = sourcecode.swift; path = NewsService.swift; sourceTree = "<group>"; };
		D4F3322B1F9F87D70003765E /* JSONParsingProtocol.swift */ = {isa = PBXFileReference; lastKnownFileType = sourcecode.swift; path = JSONParsingProtocol.swift; sourceTree = "<group>"; };
		D4F3322D1F9F88460003765E /* NewsParser.swift */ = {isa = PBXFileReference; lastKnownFileType = sourcecode.swift; path = NewsParser.swift; sourceTree = "<group>"; };
		D4FA80BE1FD0E3230018421B /* VK iMessage.appex */ = {isa = PBXFileReference; explicitFileType = "wrapper.app-extension"; includeInIndex = 0; path = "VK iMessage.appex"; sourceTree = BUILT_PRODUCTS_DIR; };
		D4FA80BF1FD0E3230018421B /* Messages.framework */ = {isa = PBXFileReference; lastKnownFileType = wrapper.framework; name = Messages.framework; path = System/Library/Frameworks/Messages.framework; sourceTree = SDKROOT; };
		D4FA80C21FD0E3230018421B /* MessagesViewController.swift */ = {isa = PBXFileReference; lastKnownFileType = sourcecode.swift; path = MessagesViewController.swift; sourceTree = "<group>"; };
		D4FA80C51FD0E3230018421B /* Base */ = {isa = PBXFileReference; lastKnownFileType = file.storyboard; name = Base; path = Base.lproj/MainInterface.storyboard; sourceTree = "<group>"; };
		D4FA80C71FD0E3230018421B /* Assets.xcassets */ = {isa = PBXFileReference; lastKnownFileType = folder.assetcatalog; path = Assets.xcassets; sourceTree = "<group>"; };
		D4FA80C91FD0E3230018421B /* Info.plist */ = {isa = PBXFileReference; lastKnownFileType = text.plist.xml; path = Info.plist; sourceTree = "<group>"; };
		D4FCBC771F80074800E6E45C /* VKLoginViewController.swift */ = {isa = PBXFileReference; lastKnownFileType = sourcecode.swift; path = VKLoginViewController.swift; sourceTree = "<group>"; };
		F049221374FD5F831CA491C4 /* Pods_VK_extension.framework */ = {isa = PBXFileReference; explicitFileType = wrapper.framework; includeInIndex = 0; path = Pods_VK_extension.framework; sourceTree = BUILT_PRODUCTS_DIR; };
		F445E16A39A301EDE2B1631D /* Pods_VK_iMessage.framework */ = {isa = PBXFileReference; explicitFileType = wrapper.framework; includeInIndex = 0; path = Pods_VK_iMessage.framework; sourceTree = BUILT_PRODUCTS_DIR; };
/* End PBXFileReference section */

/* Begin PBXFrameworksBuildPhase section */
		D436AFC31FCD544C00C5DE50 /* Frameworks */ = {
			isa = PBXFrameworksBuildPhase;
			buildActionMask = 2147483647;
			files = (
				D436AFC81FCD544C00C5DE50 /* NotificationCenter.framework in Frameworks */,
				D0DFEBB74FDD48D7E8639C14 /* Pods_VK_extension.framework in Frameworks */,
			);
			runOnlyForDeploymentPostprocessing = 0;
		};
		D4CB09A41FD6DB9800F0449A /* Frameworks */ = {
			isa = PBXFrameworksBuildPhase;
			buildActionMask = 2147483647;
			files = (
			);
			runOnlyForDeploymentPostprocessing = 0;
		};
		D4CD9AB81F6866420079A121 /* Frameworks */ = {
			isa = PBXFrameworksBuildPhase;
			buildActionMask = 2147483647;
			files = (
				589AB1FB70AAFD447C4B6593 /* Pods_VK.framework in Frameworks */,
			);
			runOnlyForDeploymentPostprocessing = 0;
		};
		D4FA80BB1FD0E3230018421B /* Frameworks */ = {
			isa = PBXFrameworksBuildPhase;
			buildActionMask = 2147483647;
			files = (
				D4FA80C01FD0E3230018421B /* Messages.framework in Frameworks */,
				93265D57CD778740F1C6D68B /* Pods_VK_iMessage.framework in Frameworks */,
			);
			runOnlyForDeploymentPostprocessing = 0;
		};
/* End PBXFrameworksBuildPhase section */

/* Begin PBXGroup section */
		47CC9BEB5E6A60CAE6BE9008 /* Frameworks */ = {
			isa = PBXGroup;
			children = (
				823F02A44E0633643258E290 /* Pods_VK.framework */,
				D436AFC71FCD544C00C5DE50 /* NotificationCenter.framework */,
				D4FA80BF1FD0E3230018421B /* Messages.framework */,
				F049221374FD5F831CA491C4 /* Pods_VK_extension.framework */,
				F445E16A39A301EDE2B1631D /* Pods_VK_iMessage.framework */,
			);
			name = Frameworks;
			sourceTree = "<group>";
		};
		B412AAB635BD6F71FFC0507A /* Pods */ = {
			isa = PBXGroup;
			children = (
				0E0CC72051CAAB35FE8ABD9F /* Pods-VK.debug.xcconfig */,
				8B5CA7E196ED9A947A5A5CF2 /* Pods-VK.release.xcconfig */,
				7D6722759780BD67D1240AEF /* Pods-VK extension.debug.xcconfig */,
				662DD257E886D1A04CA5E75C /* Pods-VK extension.release.xcconfig */,
				B25CA9819DD830E421478025 /* Pods-VK iMessage.debug.xcconfig */,
				C2CCF0720F880DA01BAA17D8 /* Pods-VK iMessage.release.xcconfig */,
			);
			name = Pods;
			sourceTree = "<group>";
		};
		D436AFC91FCD544C00C5DE50 /* VK extension */ = {
			isa = PBXGroup;
			children = (
				D436AFD71FCD545700C5DE50 /* VK extension.entitlements */,
				D436AFCA1FCD544C00C5DE50 /* TodayViewController.swift */,
				D436AFDB1FCD5E8100C5DE50 /* LoadFriendsRequestsIDOperation.swift */,
				D42500061FCD90A70049EFF6 /* LoadNewFriendsOperation.swift */,
				D436AFCC1FCD544C00C5DE50 /* MainInterface.storyboard */,
				D436AFCF1FCD544C00C5DE50 /* Info.plist */,
			);
			path = "VK extension";
			sourceTree = "<group>";
		};
		D43CBC411F8161B50061FF79 /* Network */ = {
			isa = PBXGroup;
			children = (
				D43CBC441F81622E0061FF79 /* Requests */,
				D43CBC421F8161FC0061FF79 /* HTTPSessionManager.swift */,
			);
			name = Network;
			sourceTree = "<group>";
		};
		D43CBC441F81622E0061FF79 /* Requests */ = {
			isa = PBXGroup;
			children = (
				D43CBC451F8162800061FF79 /* RequestFactory.swift */,
			);
			name = Requests;
			sourceTree = "<group>";
		};
		D4416DEB1F754734006720E1 /* Cells */ = {
			isa = PBXGroup;
			children = (
				D4416DEC1F75475B006720E1 /* FriendTableViewCell.swift */,
				D4416DF01F755508006720E1 /* GroupTableViewCell.swift */,
				D4416DEE1F754CDE006720E1 /* AvatarCollectionViewCell.swift */,
				D4416DF61F756B60006720E1 /* NewGroupTableViewCell.swift */,
				D4F3321A1F9645F20003765E /* NewsFeedTableViewCell.swift */,
				D4118C1B1FCD24B3008E3D91 /* NewFriendRequestCell.swift */,
			);
			name = Cells;
			sourceTree = "<group>";
		};
		D45DA4BF1FC7279C002E5BD4 /* Operations */ = {
			isa = PBXGroup;
			children = (
				D4CCC4561FA37B10005CAEF5 /* CachedImageOperation.swift */,
				D46A67901FA7E7D400F9A5BD /* ImageToRowBindingOperation.swift */,
				D45DA4C01FC727C1002E5BD4 /* AsyncNetworkOperation.swift */,
				D45DA4C51FC782B2002E5BD4 /* VKServerAddressOperation.swift */,
				D45DA4C71FC78BC6002E5BD4 /* VKImageUploadingOperation.swift */,
				D45DA4C91FC82681002E5BD4 /* VKSaveWallPhotoOperation.swift */,
				D45DA4CE1FC8C84E002E5BD4 /* VKWallPostOperation.swift */,
			);
			name = Operations;
			sourceTree = "<group>";
		};
		D47B29661F86F78A0024D191 /* Model */ = {
			isa = PBXGroup;
			children = (
				D47B296B1F8728870024D191 /* Entities */,
				D47B29671F86F7B10024D191 /* Storage.swift */,
			);
			name = Model;
			sourceTree = "<group>";
		};
		D47B296B1F8728870024D191 /* Entities */ = {
			isa = PBXGroup;
			children = (
				D43CBC7F1F82D7660061FF79 /* User.swift */,
				D43CBC811F82F62B0061FF79 /* Photo.swift */,
				D43CBC831F82FFC00061FF79 /* Group.swift */,
				D4F332181F962FAB0003765E /* News.swift */,
				D4118C1D1FCD2B24008E3D91 /* NewFriend.swift */,
			);
			name = Entities;
			sourceTree = "<group>";
		};
		D49D219A1FBEF687007A1D4C /* Firebase  */ = {
			isa = PBXGroup;
			children = (
				D468B6191FB1FB8E00D1063A /* UserDB.swift */,
				D468B61B1FB1FC0D00D1063A /* GroupDB.swift */,
			);
			name = "Firebase ";
			sourceTree = "<group>";
		};
		D4AC5B0D1F6C194F009C42C6 /* XIB */ = {
			isa = PBXGroup;
			children = (
				D4CD9AC21F6866420079A121 /* Main.storyboard */,
				D4CD9AC51F6866420079A121 /* Assets.xcassets */,
				D4CD9AC71F6866420079A121 /* LaunchScreen.storyboard */,
			);
			name = XIB;
			sourceTree = "<group>";
		};
		D4AC5B0E1F6C231E009C42C6 /* Code */ = {
			isa = PBXGroup;
			children = (
				D4CD9ABE1F6866420079A121 /* AppDelegate.swift */,
				D49D219A1FBEF687007A1D4C /* Firebase  */,
				D4CCC4551FA372BD005CAEF5 /* Protocols */,
				D4CCC4531FA3726F005CAEF5 /* Extensions */,
				D4F3321F1F9F66B40003765E /* Services */,
				D45DA4BF1FC7279C002E5BD4 /* Operations */,
				D43CBC411F8161B50061FF79 /* Network */,
				D4416DEB1F754734006720E1 /* Cells */,
				D4CCC4541FA37292005CAEF5 /* Controllers */,
				D47B29661F86F78A0024D191 /* Model */,
			);
			name = Code;
			sourceTree = "<group>";
		};
		D4CB099C1FD6DB9800F0449A /* VK watch */ = {
			isa = PBXGroup;
			children = (
				D4CB099D1FD6DB9800F0449A /* Interface.storyboard */,
				D4CB09A01FD6DB9800F0449A /* Assets.xcassets */,
				D4CB09A21FD6DB9800F0449A /* Info.plist */,
			);
			path = "VK watch";
			sourceTree = "<group>";
		};
		D4CB09AB1FD6DB9800F0449A /* VK watch Extension */ = {
			isa = PBXGroup;
			children = (
				D4CB09AC1FD6DB9800F0449A /* InterfaceController.swift */,
				D43461CE1FD7BB72008861E2 /* SingleNewsController.swift */,
				D4CB09AE1FD6DB9800F0449A /* ExtensionDelegate.swift */,
				D4CB09C71FD6FF4A00F0449A /* WKInterfaceImageExtension.swift */,
				D43461C71FD79814008861E2 /* WatchAppNews.swift */,
				D43461CA1FD79B95008861E2 /* NewsRow.swift */,
				D43461D01FD7BD5C008861E2 /* WKInterfaceImageExension.swift */,
				D4CB09B21FD6DB9800F0449A /* Assets.xcassets */,
				D4CB09B41FD6DB9800F0449A /* Info.plist */,
				D4CB09B51FD6DB9800F0449A /* PushNotificationPayload.apns */,
			);
			path = "VK watch Extension";
			sourceTree = "<group>";
		};
		D4CCC4531FA3726F005CAEF5 /* Extensions */ = {
			isa = PBXGroup;
			children = (
				D4CCC4511FA2B930005CAEF5 /* DateExtension.swift */,
				D4CCC4581FA39034005CAEF5 /* FileManagerExtension.swift */,
				D49D21A51FBF308B007A1D4C /* UITextViewExtension.swift */,
			);
			name = Extensions;
			sourceTree = "<group>";
		};
		D4CCC4541FA37292005CAEF5 /* Controllers */ = {
			isa = PBXGroup;
			children = (
				D4FCBC771F80074800E6E45C /* VKLoginViewController.swift */,
				D4416DBC1F70883E006720E1 /* FriendsListController.swift */,
				D4416DBE1F7089D8006720E1 /* GroupsListController.swift */,
				D4416DC01F708AB8006720E1 /* FriendAvatarController.swift */,
				D4416DF21F755746006720E1 /* NewGroupsController.swift */,
				D4F332161F962F0F0003765E /* NewsFeedTableViewController.swift */,
				D4CB09C91FD705B300F0449A /* NewsListWatchAppHandler.swift */,
				D49D219B1FBEF6AB007A1D4C /* AddPostController.swift */,
				D4118C191FCD23ED008E3D91 /* NewFriendsRequestsController.swift */,
			);
			name = Controllers;
			sourceTree = "<group>";
		};
		D4CCC4551FA372BD005CAEF5 /* Protocols */ = {
			isa = PBXGroup;
			children = (
				D4F3322B1F9F87D70003765E /* JSONParsingProtocol.swift */,
				D46A67921FA7F07100F9A5BD /* ImageViewCellProtocol.swift */,
				D46A67961FA7F9AD00F9A5BD /* DownloadServiceProtocol.swift */,
				D45F531A1FA821C000AE7B2F /* CellDataUpdating.swift */,
				D49D21AA1FC27716007A1D4C /* LocationServiceDelegate.swift */,
			);
			name = Protocols;
			sourceTree = "<group>";
		};
		D4CD9AB21F6866420079A121 = {
			isa = PBXGroup;
			children = (
				D4CD9ABD1F6866420079A121 /* VK */,
				D436AFC91FCD544C00C5DE50 /* VK extension */,
				D4FA80C11FD0E3230018421B /* VK iMessage */,
				D4CB099C1FD6DB9800F0449A /* VK watch */,
				D4CB09AB1FD6DB9800F0449A /* VK watch Extension */,
				D4CD9ABC1F6866420079A121 /* Products */,
				B412AAB635BD6F71FFC0507A /* Pods */,
				47CC9BEB5E6A60CAE6BE9008 /* Frameworks */,
			);
			sourceTree = "<group>";
		};
		D4CD9ABC1F6866420079A121 /* Products */ = {
			isa = PBXGroup;
			children = (
				D4CD9ABB1F6866420079A121 /* VK.app */,
				D436AFC61FCD544C00C5DE50 /* VK extension.appex */,
				D4FA80BE1FD0E3230018421B /* VK iMessage.appex */,
				D4CB099B1FD6DB9800F0449A /* VK watch.app */,
				D4CB09A71FD6DB9800F0449A /* VK watch Extension.appex */,
			);
			name = Products;
			sourceTree = "<group>";
		};
		D4CD9ABD1F6866420079A121 /* VK */ = {
			isa = PBXGroup;
			children = (
				D436AFE21FCD820900C5DE50 /* VK.entitlements */,
				D4AC5B0E1F6C231E009C42C6 /* Code */,
				D4AC5B0D1F6C194F009C42C6 /* XIB */,
				D4CD9ACA1F6866420079A121 /* Info.plist */,
				D468B6171FB1E79600D1063A /* GoogleService-Info.plist */,
			);
			name = VK;
			path = Weather;
			sourceTree = "<group>";
		};
		D4F3321F1F9F66B40003765E /* Services */ = {
			isa = PBXGroup;
			children = (
				D4F332291F9F7F5D0003765E /* NewsService.swift */,
				D4F3322D1F9F88460003765E /* NewsParser.swift */,
				D46A678E1FA7E1BF00F9A5BD /* PhotoDownloadService.swift */,
				D49D21A81FC27634007A1D4C /* LocationService.swift */,
				D4118C171FCCFB3A008E3D91 /* NewFriendsBackgroundFetchService.swift */,
				D480E8981FDA22B000392FEC /* LocalNotificationsService.swift */,
			);
			name = Services;
			sourceTree = "<group>";
		};
		D4FA80C11FD0E3230018421B /* VK iMessage */ = {
			isa = PBXGroup;
			children = (
				D4ACAFFA1FD0F8DC006023C6 /* VK iMessage.entitlements */,
				D4FA80C21FD0E3230018421B /* MessagesViewController.swift */,
				D4FA80C41FD0E3230018421B /* MainInterface.storyboard */,
				D4FA80C71FD0E3230018421B /* Assets.xcassets */,
				D4FA80C91FD0E3230018421B /* Info.plist */,
			);
			path = "VK iMessage";
			sourceTree = "<group>";
		};
/* End PBXGroup section */

/* Begin PBXNativeTarget section */
		D436AFC51FCD544C00C5DE50 /* VK extension */ = {
			isa = PBXNativeTarget;
			buildConfigurationList = D436AFD51FCD544C00C5DE50 /* Build configuration list for PBXNativeTarget "VK extension" */;
			buildPhases = (
				AA02E90DC8FD0FF626463A36 /* [CP] Check Pods Manifest.lock */,
				D436AFC21FCD544C00C5DE50 /* Sources */,
				D436AFC31FCD544C00C5DE50 /* Frameworks */,
				D436AFC41FCD544C00C5DE50 /* Resources */,
				084E137F35AD9186411E51FA /* [CP] Copy Pods Resources */,
			);
			buildRules = (
			);
			dependencies = (
			);
			name = "VK extension";
			productName = "VK extension";
			productReference = D436AFC61FCD544C00C5DE50 /* VK extension.appex */;
			productType = "com.apple.product-type.app-extension";
		};
		D4CB099A1FD6DB9800F0449A /* VK watch */ = {
			isa = PBXNativeTarget;
			buildConfigurationList = D4CB09BF1FD6DB9800F0449A /* Build configuration list for PBXNativeTarget "VK watch" */;
			buildPhases = (
				D4CB09991FD6DB9800F0449A /* Resources */,
				D4CB09BE1FD6DB9800F0449A /* Embed App Extensions */,
			);
			buildRules = (
			);
			dependencies = (
				D4CB09AA1FD6DB9800F0449A /* PBXTargetDependency */,
			);
			name = "VK watch";
			productName = "VK watch";
			productReference = D4CB099B1FD6DB9800F0449A /* VK watch.app */;
			productType = "com.apple.product-type.application.watchapp2";
		};
		D4CB09A61FD6DB9800F0449A /* VK watch Extension */ = {
			isa = PBXNativeTarget;
			buildConfigurationList = D4CB09BD1FD6DB9800F0449A /* Build configuration list for PBXNativeTarget "VK watch Extension" */;
			buildPhases = (
				D4CB09A31FD6DB9800F0449A /* Sources */,
				D4CB09A41FD6DB9800F0449A /* Frameworks */,
				D4CB09A51FD6DB9800F0449A /* Resources */,
			);
			buildRules = (
			);
			dependencies = (
			);
			name = "VK watch Extension";
			productName = "VK watch Extension";
			productReference = D4CB09A71FD6DB9800F0449A /* VK watch Extension.appex */;
			productType = "com.apple.product-type.watchkit2-extension";
		};
		D4CD9ABA1F6866420079A121 /* VK */ = {
			isa = PBXNativeTarget;
			buildConfigurationList = D4CD9ACD1F6866420079A121 /* Build configuration list for PBXNativeTarget "VK" */;
			buildPhases = (
				D4C30A25445C72D075D121EC /* [CP] Check Pods Manifest.lock */,
				D4CD9AB71F6866420079A121 /* Sources */,
				D4CD9AB81F6866420079A121 /* Frameworks */,
				D4CD9AB91F6866420079A121 /* Resources */,
				41AF2D2B435DE1BD9A19539D /* [CP] Embed Pods Frameworks */,
				79E4CFCE8527D00D8F9543C5 /* [CP] Copy Pods Resources */,
				D436AFD61FCD544C00C5DE50 /* Embed App Extensions */,
				D4CB09C01FD6DB9800F0449A /* Embed Watch Content */,
			);
			buildRules = (
			);
			dependencies = (
				D436AFD11FCD544C00C5DE50 /* PBXTargetDependency */,
				D4FA80CB1FD0E3230018421B /* PBXTargetDependency */,
				D4CB09B71FD6DB9800F0449A /* PBXTargetDependency */,
			);
			name = VK;
			productName = Weather;
			productReference = D4CD9ABB1F6866420079A121 /* VK.app */;
			productType = "com.apple.product-type.application";
		};
		D4FA80BD1FD0E3230018421B /* VK iMessage */ = {
			isa = PBXNativeTarget;
			buildConfigurationList = D4FA80CF1FD0E3230018421B /* Build configuration list for PBXNativeTarget "VK iMessage" */;
			buildPhases = (
				0370D043E2C442189BEFEE98 /* [CP] Check Pods Manifest.lock */,
				D4FA80BA1FD0E3230018421B /* Sources */,
				D4FA80BB1FD0E3230018421B /* Frameworks */,
				D4FA80BC1FD0E3230018421B /* Resources */,
				A5B09D0C70DEE8C6DD123851 /* [CP] Copy Pods Resources */,
			);
			buildRules = (
			);
			dependencies = (
			);
			name = "VK iMessage";
			productName = "VK iMessage";
			productReference = D4FA80BE1FD0E3230018421B /* VK iMessage.appex */;
			productType = "com.apple.product-type.app-extension.messages";
		};
/* End PBXNativeTarget section */

/* Begin PBXProject section */
		D4CD9AB31F6866420079A121 /* Project object */ = {
			isa = PBXProject;
			attributes = {
				LastSwiftUpdateCheck = 0910;
				LastUpgradeCheck = 0900;
				ORGANIZATIONNAME = RCNTEC;
				TargetAttributes = {
					D436AFC51FCD544C00C5DE50 = {
						CreatedOnToolsVersion = 9.1;
						DevelopmentTeam = MLL2QM4L99;
						ProvisioningStyle = Automatic;
						SystemCapabilities = {
							com.apple.ApplicationGroups.iOS = {
								enabled = 1;
							};
						};
					};
					D4CB099A1FD6DB9800F0449A = {
						CreatedOnToolsVersion = 9.1;
						DevelopmentTeam = MLL2QM4L99;
						ProvisioningStyle = Automatic;
					};
					D4CB09A61FD6DB9800F0449A = {
						CreatedOnToolsVersion = 9.1;
						DevelopmentTeam = MLL2QM4L99;
						ProvisioningStyle = Automatic;
					};
					D4CD9ABA1F6866420079A121 = {
						CreatedOnToolsVersion = 8.3.3;
						DevelopmentTeam = MLL2QM4L99;
						LastSwiftMigration = 0900;
						ProvisioningStyle = Automatic;
						SystemCapabilities = {
							com.apple.ApplicationGroups.iOS = {
								enabled = 1;
							};
							com.apple.BackgroundModes = {
								enabled = 1;
							};
						};
					};
					D4FA80BD1FD0E3230018421B = {
						CreatedOnToolsVersion = 9.1;
						DevelopmentTeam = MLL2QM4L99;
						ProvisioningStyle = Automatic;
						SystemCapabilities = {
							com.apple.ApplicationGroups.iOS = {
								enabled = 1;
							};
						};
					};
				};
			};
			buildConfigurationList = D4CD9AB61F6866420079A121 /* Build configuration list for PBXProject "VK" */;
			compatibilityVersion = "Xcode 3.2";
			developmentRegion = English;
			hasScannedForEncodings = 0;
			knownRegions = (
				en,
				Base,
			);
			mainGroup = D4CD9AB21F6866420079A121;
			productRefGroup = D4CD9ABC1F6866420079A121 /* Products */;
			projectDirPath = "";
			projectRoot = "";
			targets = (
				D4CD9ABA1F6866420079A121 /* VK */,
				D436AFC51FCD544C00C5DE50 /* VK extension */,
				D4FA80BD1FD0E3230018421B /* VK iMessage */,
				D4CB099A1FD6DB9800F0449A /* VK watch */,
				D4CB09A61FD6DB9800F0449A /* VK watch Extension */,
			);
		};
/* End PBXProject section */

/* Begin PBXResourcesBuildPhase section */
		D436AFC41FCD544C00C5DE50 /* Resources */ = {
			isa = PBXResourcesBuildPhase;
			buildActionMask = 2147483647;
			files = (
				D4CB09C61FD6E73600F0449A /* Assets.xcassets in Resources */,
				D436AFCE1FCD544C00C5DE50 /* MainInterface.storyboard in Resources */,
			);
			runOnlyForDeploymentPostprocessing = 0;
		};
		D4CB09991FD6DB9800F0449A /* Resources */ = {
			isa = PBXResourcesBuildPhase;
			buildActionMask = 2147483647;
			files = (
				D4CB09A11FD6DB9800F0449A /* Assets.xcassets in Resources */,
				D4CB099F1FD6DB9800F0449A /* Interface.storyboard in Resources */,
			);
			runOnlyForDeploymentPostprocessing = 0;
		};
		D4CB09A51FD6DB9800F0449A /* Resources */ = {
			isa = PBXResourcesBuildPhase;
			buildActionMask = 2147483647;
			files = (
				D4CB09B31FD6DB9800F0449A /* Assets.xcassets in Resources */,
			);
			runOnlyForDeploymentPostprocessing = 0;
		};
		D4CD9AB91F6866420079A121 /* Resources */ = {
			isa = PBXResourcesBuildPhase;
			buildActionMask = 2147483647;
			files = (
				D4CD9AC91F6866420079A121 /* LaunchScreen.storyboard in Resources */,
				D468B6181FB1E79600D1063A /* GoogleService-Info.plist in Resources */,
				D4CD9AC61F6866420079A121 /* Assets.xcassets in Resources */,
				D4CD9AC41F6866420079A121 /* Main.storyboard in Resources */,
			);
			runOnlyForDeploymentPostprocessing = 0;
		};
		D4FA80BC1FD0E3230018421B /* Resources */ = {
			isa = PBXResourcesBuildPhase;
			buildActionMask = 2147483647;
			files = (
				D4FA80C81FD0E3230018421B /* Assets.xcassets in Resources */,
				D48F24061FD1096900347F78 /* Assets.xcassets in Resources */,
				D4FA80C61FD0E3230018421B /* MainInterface.storyboard in Resources */,
			);
			runOnlyForDeploymentPostprocessing = 0;
		};
/* End PBXResourcesBuildPhase section */

/* Begin PBXShellScriptBuildPhase section */
		0370D043E2C442189BEFEE98 /* [CP] Check Pods Manifest.lock */ = {
			isa = PBXShellScriptBuildPhase;
			buildActionMask = 2147483647;
			files = (
			);
			inputPaths = (
				"${PODS_PODFILE_DIR_PATH}/Podfile.lock",
				"${PODS_ROOT}/Manifest.lock",
			);
			name = "[CP] Check Pods Manifest.lock";
			outputPaths = (
				"$(DERIVED_FILE_DIR)/Pods-VK iMessage-checkManifestLockResult.txt",
			);
			runOnlyForDeploymentPostprocessing = 0;
			shellPath = /bin/sh;
			shellScript = "diff \"${PODS_PODFILE_DIR_PATH}/Podfile.lock\" \"${PODS_ROOT}/Manifest.lock\" > /dev/null\nif [ $? != 0 ] ; then\n    # print error to STDERR\n    echo \"error: The sandbox is not in sync with the Podfile.lock. Run 'pod install' or update your CocoaPods installation.\" >&2\n    exit 1\nfi\n# This output is used by Xcode 'outputs' to avoid re-running this script phase.\necho \"SUCCESS\" > \"${SCRIPT_OUTPUT_FILE_0}\"\n";
			showEnvVarsInLog = 0;
		};
		084E137F35AD9186411E51FA /* [CP] Copy Pods Resources */ = {
			isa = PBXShellScriptBuildPhase;
			buildActionMask = 2147483647;
			files = (
			);
			inputPaths = (
				"${SRCROOT}/Pods/Target Support Files/Pods-VK extension/Pods-VK extension-resources.sh",
				"${PODS_ROOT}/GoogleMaps/Maps/Frameworks/GoogleMaps.framework/Resources/GoogleMaps.bundle",
				"${PODS_ROOT}/GooglePlaces/Frameworks/GooglePlaces.framework/Resources/GooglePlaces.bundle",
			);
			name = "[CP] Copy Pods Resources";
			outputPaths = (
				"${TARGET_BUILD_DIR}/${UNLOCALIZED_RESOURCES_FOLDER_PATH}",
			);
			runOnlyForDeploymentPostprocessing = 0;
			shellPath = /bin/sh;
			shellScript = "\"${SRCROOT}/Pods/Target Support Files/Pods-VK extension/Pods-VK extension-resources.sh\"\n";
			showEnvVarsInLog = 0;
		};
		41AF2D2B435DE1BD9A19539D /* [CP] Embed Pods Frameworks */ = {
			isa = PBXShellScriptBuildPhase;
			buildActionMask = 2147483647;
			files = (
			);
			inputPaths = (
				"${SRCROOT}/Pods/Target Support Files/Pods-VK/Pods-VK-frameworks.sh",
				"${BUILT_PRODUCTS_DIR}/Alamofire/Alamofire.framework",
				"${BUILT_PRODUCTS_DIR}/AlamofireImage/AlamofireImage.framework",
				"${BUILT_PRODUCTS_DIR}/GoogleToolboxForMac/GoogleToolboxForMac.framework",
				"${BUILT_PRODUCTS_DIR}/Realm/Realm.framework",
				"${BUILT_PRODUCTS_DIR}/RealmSwift/RealmSwift.framework",
				"${BUILT_PRODUCTS_DIR}/SwiftyJSON/SwiftyJSON.framework",
				"${BUILT_PRODUCTS_DIR}/leveldb-library/leveldb.framework",
				"${BUILT_PRODUCTS_DIR}/nanopb/nanopb.framework",
			);
			name = "[CP] Embed Pods Frameworks";
			outputPaths = (
				"${TARGET_BUILD_DIR}/${FRAMEWORKS_FOLDER_PATH}/Alamofire.framework",
				"${TARGET_BUILD_DIR}/${FRAMEWORKS_FOLDER_PATH}/AlamofireImage.framework",
				"${TARGET_BUILD_DIR}/${FRAMEWORKS_FOLDER_PATH}/GoogleToolboxForMac.framework",
				"${TARGET_BUILD_DIR}/${FRAMEWORKS_FOLDER_PATH}/Realm.framework",
				"${TARGET_BUILD_DIR}/${FRAMEWORKS_FOLDER_PATH}/RealmSwift.framework",
				"${TARGET_BUILD_DIR}/${FRAMEWORKS_FOLDER_PATH}/SwiftyJSON.framework",
				"${TARGET_BUILD_DIR}/${FRAMEWORKS_FOLDER_PATH}/leveldb.framework",
				"${TARGET_BUILD_DIR}/${FRAMEWORKS_FOLDER_PATH}/nanopb.framework",
			);
			runOnlyForDeploymentPostprocessing = 0;
			shellPath = /bin/sh;
			shellScript = "\"${SRCROOT}/Pods/Target Support Files/Pods-VK/Pods-VK-frameworks.sh\"\n";
			showEnvVarsInLog = 0;
		};
		79E4CFCE8527D00D8F9543C5 /* [CP] Copy Pods Resources */ = {
			isa = PBXShellScriptBuildPhase;
			buildActionMask = 2147483647;
			files = (
			);
			inputPaths = (
				"${SRCROOT}/Pods/Target Support Files/Pods-VK/Pods-VK-resources.sh",
				"${PODS_ROOT}/GoogleMaps/Maps/Frameworks/GoogleMaps.framework/Resources/GoogleMaps.bundle",
				"${PODS_ROOT}/GooglePlaces/Frameworks/GooglePlaces.framework/Resources/GooglePlaces.bundle",
			);
			name = "[CP] Copy Pods Resources";
			outputPaths = (
				"${TARGET_BUILD_DIR}/${UNLOCALIZED_RESOURCES_FOLDER_PATH}",
			);
			runOnlyForDeploymentPostprocessing = 0;
			shellPath = /bin/sh;
			shellScript = "\"${SRCROOT}/Pods/Target Support Files/Pods-VK/Pods-VK-resources.sh\"\n";
			showEnvVarsInLog = 0;
		};
		A5B09D0C70DEE8C6DD123851 /* [CP] Copy Pods Resources */ = {
			isa = PBXShellScriptBuildPhase;
			buildActionMask = 2147483647;
			files = (
			);
			inputPaths = (
				"${SRCROOT}/Pods/Target Support Files/Pods-VK iMessage/Pods-VK iMessage-resources.sh",
				"${PODS_ROOT}/GoogleMaps/Maps/Frameworks/GoogleMaps.framework/Resources/GoogleMaps.bundle",
				"${PODS_ROOT}/GooglePlaces/Frameworks/GooglePlaces.framework/Resources/GooglePlaces.bundle",
			);
			name = "[CP] Copy Pods Resources";
			outputPaths = (
				"${TARGET_BUILD_DIR}/${UNLOCALIZED_RESOURCES_FOLDER_PATH}",
			);
			runOnlyForDeploymentPostprocessing = 0;
			shellPath = /bin/sh;
			shellScript = "\"${SRCROOT}/Pods/Target Support Files/Pods-VK iMessage/Pods-VK iMessage-resources.sh\"\n";
			showEnvVarsInLog = 0;
		};
		AA02E90DC8FD0FF626463A36 /* [CP] Check Pods Manifest.lock */ = {
			isa = PBXShellScriptBuildPhase;
			buildActionMask = 2147483647;
			files = (
			);
			inputPaths = (
				"${PODS_PODFILE_DIR_PATH}/Podfile.lock",
				"${PODS_ROOT}/Manifest.lock",
			);
			name = "[CP] Check Pods Manifest.lock";
			outputPaths = (
				"$(DERIVED_FILE_DIR)/Pods-VK extension-checkManifestLockResult.txt",
			);
			runOnlyForDeploymentPostprocessing = 0;
			shellPath = /bin/sh;
			shellScript = "diff \"${PODS_PODFILE_DIR_PATH}/Podfile.lock\" \"${PODS_ROOT}/Manifest.lock\" > /dev/null\nif [ $? != 0 ] ; then\n    # print error to STDERR\n    echo \"error: The sandbox is not in sync with the Podfile.lock. Run 'pod install' or update your CocoaPods installation.\" >&2\n    exit 1\nfi\n# This output is used by Xcode 'outputs' to avoid re-running this script phase.\necho \"SUCCESS\" > \"${SCRIPT_OUTPUT_FILE_0}\"\n";
			showEnvVarsInLog = 0;
		};
		D4C30A25445C72D075D121EC /* [CP] Check Pods Manifest.lock */ = {
			isa = PBXShellScriptBuildPhase;
			buildActionMask = 2147483647;
			files = (
			);
			inputPaths = (
				"${PODS_PODFILE_DIR_PATH}/Podfile.lock",
				"${PODS_ROOT}/Manifest.lock",
			);
			name = "[CP] Check Pods Manifest.lock";
			outputPaths = (
				"$(DERIVED_FILE_DIR)/Pods-VK-checkManifestLockResult.txt",
			);
			runOnlyForDeploymentPostprocessing = 0;
			shellPath = /bin/sh;
			shellScript = "diff \"${PODS_PODFILE_DIR_PATH}/Podfile.lock\" \"${PODS_ROOT}/Manifest.lock\" > /dev/null\nif [ $? != 0 ] ; then\n    # print error to STDERR\n    echo \"error: The sandbox is not in sync with the Podfile.lock. Run 'pod install' or update your CocoaPods installation.\" >&2\n    exit 1\nfi\n# This output is used by Xcode 'outputs' to avoid re-running this script phase.\necho \"SUCCESS\" > \"${SCRIPT_OUTPUT_FILE_0}\"\n";
			showEnvVarsInLog = 0;
		};
/* End PBXShellScriptBuildPhase section */

/* Begin PBXSourcesBuildPhase section */
		D436AFC21FCD544C00C5DE50 /* Sources */ = {
			isa = PBXSourcesBuildPhase;
			buildActionMask = 2147483647;
			files = (
				D48F24001FD1035100347F78 /* NewFriend.swift in Sources */,
				D48F23FD1FD1035100347F78 /* Photo.swift in Sources */,
				D436AFCB1FCD544C00C5DE50 /* TodayViewController.swift in Sources */,
				D436AFDC1FCD5E8100C5DE50 /* LoadFriendsRequestsIDOperation.swift in Sources */,
				D48F23FE1FD1035100347F78 /* Group.swift in Sources */,
				D48F23FB1FD1034600347F78 /* User.swift in Sources */,
				D42500071FCD90A70049EFF6 /* LoadNewFriendsOperation.swift in Sources */,
				D436AFDA1FCD5E5000C5DE50 /* AsyncNetworkOperation.swift in Sources */,
				D48F23FA1FD1028C00347F78 /* Storage.swift in Sources */,
			);
			runOnlyForDeploymentPostprocessing = 0;
		};
		D4CB09A31FD6DB9800F0449A /* Sources */ = {
			isa = PBXSourcesBuildPhase;
			buildActionMask = 2147483647;
			files = (
				D43461D11FD7BD5C008861E2 /* WKInterfaceImageExension.swift in Sources */,
				D43461CF1FD7BB72008861E2 /* SingleNewsController.swift in Sources */,
				D4CB09AF1FD6DB9800F0449A /* ExtensionDelegate.swift in Sources */,
				D4CB09C81FD6FF4A00F0449A /* WKInterfaceImageExtension.swift in Sources */,
				D43461C81FD79814008861E2 /* WatchAppNews.swift in Sources */,
				D43461CB1FD79B95008861E2 /* NewsRow.swift in Sources */,
				D4CB09AD1FD6DB9800F0449A /* InterfaceController.swift in Sources */,
			);
			runOnlyForDeploymentPostprocessing = 0;
		};
		D4CD9AB71F6866420079A121 /* Sources */ = {
			isa = PBXSourcesBuildPhase;
			buildActionMask = 2147483647;
			files = (
				D43CBC821F82F62B0061FF79 /* Photo.swift in Sources */,
				D4118C181FCCFB3A008E3D91 /* NewFriendsBackgroundFetchService.swift in Sources */,
				D4CB09CA1FD705B300F0449A /* NewsListWatchAppHandler.swift in Sources */,
				D4CCC4571FA37B10005CAEF5 /* CachedImageOperation.swift in Sources */,
				D43CBC841F82FFC00061FF79 /* Group.swift in Sources */,
				D49D21A61FBF308B007A1D4C /* UITextViewExtension.swift in Sources */,
				D43CBC431F8161FC0061FF79 /* HTTPSessionManager.swift in Sources */,
				D4CD9ABF1F6866420079A121 /* AppDelegate.swift in Sources */,
				D4416DBD1F70883E006720E1 /* FriendsListController.swift in Sources */,
				D49D21A91FC27634007A1D4C /* LocationService.swift in Sources */,
				D4F3322E1F9F88460003765E /* NewsParser.swift in Sources */,
				D4118C1A1FCD23ED008E3D91 /* NewFriendsRequestsController.swift in Sources */,
				D45DA4CF1FC8C84E002E5BD4 /* VKWallPostOperation.swift in Sources */,
				D45F531B1FA821C000AE7B2F /* CellDataUpdating.swift in Sources */,
				D4CCC4521FA2B930005CAEF5 /* DateExtension.swift in Sources */,
				D4F3321B1F9645F20003765E /* NewsFeedTableViewCell.swift in Sources */,
				D4F332191F962FAB0003765E /* News.swift in Sources */,
				D480E8991FDA22B000392FEC /* LocalNotificationsService.swift in Sources */,
				D49D21AB1FC27716007A1D4C /* LocationServiceDelegate.swift in Sources */,
				D4416DBF1F7089D8006720E1 /* GroupsListController.swift in Sources */,
				D45DA4C81FC78BC6002E5BD4 /* VKImageUploadingOperation.swift in Sources */,
				D4416DF11F755508006720E1 /* GroupTableViewCell.swift in Sources */,
				D4118C1C1FCD24B3008E3D91 /* NewFriendRequestCell.swift in Sources */,
				D46A67911FA7E7D400F9A5BD /* ImageToRowBindingOperation.swift in Sources */,
				D4416DED1F75475B006720E1 /* FriendTableViewCell.swift in Sources */,
				D4F3322A1F9F7F5D0003765E /* NewsService.swift in Sources */,
				D43CBC801F82D7660061FF79 /* User.swift in Sources */,
				D46A67971FA7F9AD00F9A5BD /* DownloadServiceProtocol.swift in Sources */,
				D4CCC4591FA39034005CAEF5 /* FileManagerExtension.swift in Sources */,
				D49D219C1FBEF6AB007A1D4C /* AddPostController.swift in Sources */,
				D4FCBC781F80074800E6E45C /* VKLoginViewController.swift in Sources */,
				D468B61A1FB1FB8E00D1063A /* UserDB.swift in Sources */,
				D45DA4C11FC727C1002E5BD4 /* AsyncNetworkOperation.swift in Sources */,
				D4416DF31F755746006720E1 /* NewGroupsController.swift in Sources */,
				D43CBC461F8162800061FF79 /* RequestFactory.swift in Sources */,
				D4416DEF1F754CDE006720E1 /* AvatarCollectionViewCell.swift in Sources */,
				D4416DF71F756B60006720E1 /* NewGroupTableViewCell.swift in Sources */,
				D45DA4C61FC782B2002E5BD4 /* VKServerAddressOperation.swift in Sources */,
				D47B29681F86F7B10024D191 /* Storage.swift in Sources */,
				D4F332171F962F0F0003765E /* NewsFeedTableViewController.swift in Sources */,
				D468B61C1FB1FC0D00D1063A /* GroupDB.swift in Sources */,
				D4416DC11F708AB8006720E1 /* FriendAvatarController.swift in Sources */,
				D45DA4CA1FC82681002E5BD4 /* VKSaveWallPhotoOperation.swift in Sources */,
				D46A678F1FA7E1BF00F9A5BD /* PhotoDownloadService.swift in Sources */,
				D46A67931FA7F07100F9A5BD /* ImageViewCellProtocol.swift in Sources */,
				D4118C1E1FCD2B24008E3D91 /* NewFriend.swift in Sources */,
				D4F3322C1F9F87D70003765E /* JSONParsingProtocol.swift in Sources */,
			);
			runOnlyForDeploymentPostprocessing = 0;
		};
		D4FA80BA1FD0E3230018421B /* Sources */ = {
			isa = PBXSourcesBuildPhase;
			buildActionMask = 2147483647;
			files = (
				D48F24041FD1035200347F78 /* NewFriend.swift in Sources */,
				D48F24011FD1035200347F78 /* Photo.swift in Sources */,
				D4FA80C31FD0E3230018421B /* MessagesViewController.swift in Sources */,
				D48F23F91FD1028A00347F78 /* Storage.swift in Sources */,
				D48F24021FD1035200347F78 /* Group.swift in Sources */,
				D48F23FC1FD1034600347F78 /* User.swift in Sources */,
			);
			runOnlyForDeploymentPostprocessing = 0;
		};
/* End PBXSourcesBuildPhase section */

/* Begin PBXTargetDependency section */
		D436AFD11FCD544C00C5DE50 /* PBXTargetDependency */ = {
			isa = PBXTargetDependency;
			target = D436AFC51FCD544C00C5DE50 /* VK extension */;
			targetProxy = D436AFD01FCD544C00C5DE50 /* PBXContainerItemProxy */;
		};
		D4CB09AA1FD6DB9800F0449A /* PBXTargetDependency */ = {
			isa = PBXTargetDependency;
			target = D4CB09A61FD6DB9800F0449A /* VK watch Extension */;
			targetProxy = D4CB09A91FD6DB9800F0449A /* PBXContainerItemProxy */;
		};
		D4CB09B71FD6DB9800F0449A /* PBXTargetDependency */ = {
			isa = PBXTargetDependency;
			target = D4CB099A1FD6DB9800F0449A /* VK watch */;
			targetProxy = D4CB09B61FD6DB9800F0449A /* PBXContainerItemProxy */;
		};
		D4FA80CB1FD0E3230018421B /* PBXTargetDependency */ = {
			isa = PBXTargetDependency;
			target = D4FA80BD1FD0E3230018421B /* VK iMessage */;
			targetProxy = D4FA80CA1FD0E3230018421B /* PBXContainerItemProxy */;
		};
/* End PBXTargetDependency section */

/* Begin PBXVariantGroup section */
		D436AFCC1FCD544C00C5DE50 /* MainInterface.storyboard */ = {
			isa = PBXVariantGroup;
			children = (
				D436AFCD1FCD544C00C5DE50 /* Base */,
			);
			name = MainInterface.storyboard;
			sourceTree = "<group>";
		};
		D4CB099D1FD6DB9800F0449A /* Interface.storyboard */ = {
			isa = PBXVariantGroup;
			children = (
				D4CB099E1FD6DB9800F0449A /* Base */,
			);
			name = Interface.storyboard;
			sourceTree = "<group>";
		};
		D4CD9AC21F6866420079A121 /* Main.storyboard */ = {
			isa = PBXVariantGroup;
			children = (
				D4CD9AC31F6866420079A121 /* Base */,
			);
			name = Main.storyboard;
			sourceTree = "<group>";
		};
		D4CD9AC71F6866420079A121 /* LaunchScreen.storyboard */ = {
			isa = PBXVariantGroup;
			children = (
				D4CD9AC81F6866420079A121 /* Base */,
			);
			name = LaunchScreen.storyboard;
			sourceTree = "<group>";
		};
		D4FA80C41FD0E3230018421B /* MainInterface.storyboard */ = {
			isa = PBXVariantGroup;
			children = (
				D4FA80C51FD0E3230018421B /* Base */,
			);
			name = MainInterface.storyboard;
			sourceTree = "<group>";
		};
/* End PBXVariantGroup section */

/* Begin XCBuildConfiguration section */
		D436AFD31FCD544C00C5DE50 /* Debug */ = {
			isa = XCBuildConfiguration;
			baseConfigurationReference = 7D6722759780BD67D1240AEF /* Pods-VK extension.debug.xcconfig */;
			buildSettings = {
				CLANG_CXX_LANGUAGE_STANDARD = "gnu++14";
				CLANG_WARN_UNGUARDED_AVAILABILITY = YES_AGGRESSIVE;
				CODE_SIGN_ENTITLEMENTS = "VK extension/VK extension.entitlements";
				CODE_SIGN_IDENTITY = "iPhone Developer";
				CODE_SIGN_STYLE = Automatic;
				DEVELOPMENT_TEAM = MLL2QM4L99;
				GCC_C_LANGUAGE_STANDARD = gnu11;
				INFOPLIST_FILE = "VK extension/Info.plist";
				IPHONEOS_DEPLOYMENT_TARGET = 10.0;
				LD_RUNPATH_SEARCH_PATHS = "$(inherited) @executable_path/Frameworks @executable_path/../../Frameworks";
				PRODUCT_BUNDLE_IDENTIFIER = "com.rcntec.VK.VK-extension";
				PRODUCT_NAME = "$(TARGET_NAME)";
				SKIP_INSTALL = YES;
				SWIFT_VERSION = 4.0;
				TARGETED_DEVICE_FAMILY = "1,2";
			};
			name = Debug;
		};
		D436AFD41FCD544C00C5DE50 /* Release */ = {
			isa = XCBuildConfiguration;
			baseConfigurationReference = 662DD257E886D1A04CA5E75C /* Pods-VK extension.release.xcconfig */;
			buildSettings = {
				CLANG_CXX_LANGUAGE_STANDARD = "gnu++14";
				CLANG_WARN_UNGUARDED_AVAILABILITY = YES_AGGRESSIVE;
				CODE_SIGN_ENTITLEMENTS = "VK extension/VK extension.entitlements";
				CODE_SIGN_IDENTITY = "iPhone Developer";
				CODE_SIGN_STYLE = Automatic;
				DEVELOPMENT_TEAM = MLL2QM4L99;
				GCC_C_LANGUAGE_STANDARD = gnu11;
				INFOPLIST_FILE = "VK extension/Info.plist";
				IPHONEOS_DEPLOYMENT_TARGET = 10.0;
				LD_RUNPATH_SEARCH_PATHS = "$(inherited) @executable_path/Frameworks @executable_path/../../Frameworks";
				PRODUCT_BUNDLE_IDENTIFIER = "com.rcntec.VK.VK-extension";
				PRODUCT_NAME = "$(TARGET_NAME)";
				SKIP_INSTALL = YES;
				SWIFT_VERSION = 4.0;
				TARGETED_DEVICE_FAMILY = "1,2";
			};
			name = Release;
		};
		D4CB09B91FD6DB9800F0449A /* Debug */ = {
			isa = XCBuildConfiguration;
			buildSettings = {
				ALWAYS_EMBED_SWIFT_STANDARD_LIBRARIES = YES;
				ASSETCATALOG_COMPILER_APPICON_NAME = AppIcon;
				CLANG_CXX_LANGUAGE_STANDARD = "gnu++14";
				CLANG_WARN_UNGUARDED_AVAILABILITY = YES_AGGRESSIVE;
				CODE_SIGN_IDENTITY = "iPhone Developer";
				CODE_SIGN_STYLE = Automatic;
				DEVELOPMENT_TEAM = MLL2QM4L99;
				GCC_C_LANGUAGE_STANDARD = gnu11;
				IBSC_MODULE = VK_watch_Extension;
				INFOPLIST_FILE = "VK watch/Info.plist";
				PRODUCT_BUNDLE_IDENTIFIER = com.rcntec.VK.watchkitapp;
				PRODUCT_NAME = "$(TARGET_NAME)";
				SDKROOT = watchos;
				SKIP_INSTALL = YES;
				SWIFT_VERSION = 4.0;
				TARGETED_DEVICE_FAMILY = 4;
				WATCHOS_DEPLOYMENT_TARGET = 4.1;
			};
			name = Debug;
		};
		D4CB09BA1FD6DB9800F0449A /* Release */ = {
			isa = XCBuildConfiguration;
			buildSettings = {
				ALWAYS_EMBED_SWIFT_STANDARD_LIBRARIES = YES;
				ASSETCATALOG_COMPILER_APPICON_NAME = AppIcon;
				CLANG_CXX_LANGUAGE_STANDARD = "gnu++14";
				CLANG_WARN_UNGUARDED_AVAILABILITY = YES_AGGRESSIVE;
				CODE_SIGN_IDENTITY = "iPhone Developer";
				CODE_SIGN_STYLE = Automatic;
				DEVELOPMENT_TEAM = MLL2QM4L99;
				GCC_C_LANGUAGE_STANDARD = gnu11;
				IBSC_MODULE = VK_watch_Extension;
				INFOPLIST_FILE = "VK watch/Info.plist";
				PRODUCT_BUNDLE_IDENTIFIER = com.rcntec.VK.watchkitapp;
				PRODUCT_NAME = "$(TARGET_NAME)";
				SDKROOT = watchos;
				SKIP_INSTALL = YES;
				SWIFT_VERSION = 4.0;
				TARGETED_DEVICE_FAMILY = 4;
				WATCHOS_DEPLOYMENT_TARGET = 4.1;
			};
			name = Release;
		};
		D4CB09BB1FD6DB9800F0449A /* Debug */ = {
			isa = XCBuildConfiguration;
			buildSettings = {
				ASSETCATALOG_COMPILER_COMPLICATION_NAME = Complication;
				CLANG_CXX_LANGUAGE_STANDARD = "gnu++14";
				CLANG_WARN_UNGUARDED_AVAILABILITY = YES_AGGRESSIVE;
				CODE_SIGN_STYLE = Automatic;
				DEVELOPMENT_TEAM = MLL2QM4L99;
				GCC_C_LANGUAGE_STANDARD = gnu11;
				INFOPLIST_FILE = "VK watch Extension/Info.plist";
				LD_RUNPATH_SEARCH_PATHS = "$(inherited) @executable_path/Frameworks @executable_path/../../Frameworks";
				PRODUCT_BUNDLE_IDENTIFIER = com.rcntec.VK.watchkitapp.watchkitextension;
				PRODUCT_NAME = "${TARGET_NAME}";
				SDKROOT = watchos;
				SKIP_INSTALL = YES;
				SWIFT_VERSION = 4.0;
				TARGETED_DEVICE_FAMILY = 4;
				WATCHOS_DEPLOYMENT_TARGET = 4.1;
			};
			name = Debug;
		};
		D4CB09BC1FD6DB9800F0449A /* Release */ = {
			isa = XCBuildConfiguration;
			buildSettings = {
				ASSETCATALOG_COMPILER_COMPLICATION_NAME = Complication;
				CLANG_CXX_LANGUAGE_STANDARD = "gnu++14";
				CLANG_WARN_UNGUARDED_AVAILABILITY = YES_AGGRESSIVE;
				CODE_SIGN_STYLE = Automatic;
				DEVELOPMENT_TEAM = MLL2QM4L99;
				GCC_C_LANGUAGE_STANDARD = gnu11;
				INFOPLIST_FILE = "VK watch Extension/Info.plist";
				LD_RUNPATH_SEARCH_PATHS = "$(inherited) @executable_path/Frameworks @executable_path/../../Frameworks";
				PRODUCT_BUNDLE_IDENTIFIER = com.rcntec.VK.watchkitapp.watchkitextension;
				PRODUCT_NAME = "${TARGET_NAME}";
				SDKROOT = watchos;
				SKIP_INSTALL = YES;
				SWIFT_VERSION = 4.0;
				TARGETED_DEVICE_FAMILY = 4;
				WATCHOS_DEPLOYMENT_TARGET = 4.1;
			};
			name = Release;
		};
		D4CD9ACB1F6866420079A121 /* Debug */ = {
			isa = XCBuildConfiguration;
			buildSettings = {
				ALWAYS_SEARCH_USER_PATHS = NO;
				CLANG_ANALYZER_NONNULL = YES;
				CLANG_ANALYZER_NUMBER_OBJECT_CONVERSION = YES_AGGRESSIVE;
				CLANG_CXX_LANGUAGE_STANDARD = "gnu++0x";
				CLANG_CXX_LIBRARY = "libc++";
				CLANG_ENABLE_MODULES = YES;
				CLANG_ENABLE_OBJC_ARC = YES;
				CLANG_WARN_BLOCK_CAPTURE_AUTORELEASING = YES;
				CLANG_WARN_BOOL_CONVERSION = YES;
				CLANG_WARN_COMMA = YES;
				CLANG_WARN_CONSTANT_CONVERSION = YES;
				CLANG_WARN_DIRECT_OBJC_ISA_USAGE = YES_ERROR;
				CLANG_WARN_DOCUMENTATION_COMMENTS = YES;
				CLANG_WARN_EMPTY_BODY = YES;
				CLANG_WARN_ENUM_CONVERSION = YES;
				CLANG_WARN_INFINITE_RECURSION = YES;
				CLANG_WARN_INT_CONVERSION = YES;
				CLANG_WARN_NON_LITERAL_NULL_CONVERSION = YES;
				CLANG_WARN_OBJC_LITERAL_CONVERSION = YES;
				CLANG_WARN_OBJC_ROOT_CLASS = YES_ERROR;
				CLANG_WARN_RANGE_LOOP_ANALYSIS = YES;
				CLANG_WARN_STRICT_PROTOTYPES = YES;
				CLANG_WARN_SUSPICIOUS_MOVE = YES;
				CLANG_WARN_UNREACHABLE_CODE = YES;
				CLANG_WARN__DUPLICATE_METHOD_MATCH = YES;
				"CODE_SIGN_IDENTITY[sdk=iphoneos*]" = "iPhone Developer";
				COPY_PHASE_STRIP = NO;
				DEBUG_INFORMATION_FORMAT = dwarf;
				ENABLE_STRICT_OBJC_MSGSEND = YES;
				ENABLE_TESTABILITY = YES;
				GCC_C_LANGUAGE_STANDARD = gnu99;
				GCC_DYNAMIC_NO_PIC = NO;
				GCC_NO_COMMON_BLOCKS = YES;
				GCC_OPTIMIZATION_LEVEL = 0;
				GCC_PREPROCESSOR_DEFINITIONS = (
					"DEBUG=1",
					"$(inherited)",
				);
				GCC_WARN_64_TO_32_BIT_CONVERSION = YES;
				GCC_WARN_ABOUT_RETURN_TYPE = YES_ERROR;
				GCC_WARN_UNDECLARED_SELECTOR = YES;
				GCC_WARN_UNINITIALIZED_AUTOS = YES_AGGRESSIVE;
				GCC_WARN_UNUSED_FUNCTION = YES;
				GCC_WARN_UNUSED_VARIABLE = YES;
				IPHONEOS_DEPLOYMENT_TARGET = 10.3;
				MTL_ENABLE_DEBUG_INFO = YES;
				ONLY_ACTIVE_ARCH = YES;
				SDKROOT = iphoneos;
				SWIFT_ACTIVE_COMPILATION_CONDITIONS = DEBUG;
				SWIFT_OPTIMIZATION_LEVEL = "-Onone";
			};
			name = Debug;
		};
		D4CD9ACC1F6866420079A121 /* Release */ = {
			isa = XCBuildConfiguration;
			buildSettings = {
				ALWAYS_SEARCH_USER_PATHS = NO;
				CLANG_ANALYZER_NONNULL = YES;
				CLANG_ANALYZER_NUMBER_OBJECT_CONVERSION = YES_AGGRESSIVE;
				CLANG_CXX_LANGUAGE_STANDARD = "gnu++0x";
				CLANG_CXX_LIBRARY = "libc++";
				CLANG_ENABLE_MODULES = YES;
				CLANG_ENABLE_OBJC_ARC = YES;
				CLANG_WARN_BLOCK_CAPTURE_AUTORELEASING = YES;
				CLANG_WARN_BOOL_CONVERSION = YES;
				CLANG_WARN_COMMA = YES;
				CLANG_WARN_CONSTANT_CONVERSION = YES;
				CLANG_WARN_DIRECT_OBJC_ISA_USAGE = YES_ERROR;
				CLANG_WARN_DOCUMENTATION_COMMENTS = YES;
				CLANG_WARN_EMPTY_BODY = YES;
				CLANG_WARN_ENUM_CONVERSION = YES;
				CLANG_WARN_INFINITE_RECURSION = YES;
				CLANG_WARN_INT_CONVERSION = YES;
				CLANG_WARN_NON_LITERAL_NULL_CONVERSION = YES;
				CLANG_WARN_OBJC_LITERAL_CONVERSION = YES;
				CLANG_WARN_OBJC_ROOT_CLASS = YES_ERROR;
				CLANG_WARN_RANGE_LOOP_ANALYSIS = YES;
				CLANG_WARN_STRICT_PROTOTYPES = YES;
				CLANG_WARN_SUSPICIOUS_MOVE = YES;
				CLANG_WARN_UNREACHABLE_CODE = YES;
				CLANG_WARN__DUPLICATE_METHOD_MATCH = YES;
				"CODE_SIGN_IDENTITY[sdk=iphoneos*]" = "iPhone Developer";
				COPY_PHASE_STRIP = NO;
				DEBUG_INFORMATION_FORMAT = "dwarf-with-dsym";
				ENABLE_NS_ASSERTIONS = NO;
				ENABLE_STRICT_OBJC_MSGSEND = YES;
				GCC_C_LANGUAGE_STANDARD = gnu99;
				GCC_NO_COMMON_BLOCKS = YES;
				GCC_WARN_64_TO_32_BIT_CONVERSION = YES;
				GCC_WARN_ABOUT_RETURN_TYPE = YES_ERROR;
				GCC_WARN_UNDECLARED_SELECTOR = YES;
				GCC_WARN_UNINITIALIZED_AUTOS = YES_AGGRESSIVE;
				GCC_WARN_UNUSED_FUNCTION = YES;
				GCC_WARN_UNUSED_VARIABLE = YES;
				IPHONEOS_DEPLOYMENT_TARGET = 10.3;
				MTL_ENABLE_DEBUG_INFO = NO;
				SDKROOT = iphoneos;
				SWIFT_OPTIMIZATION_LEVEL = "-Owholemodule";
				VALIDATE_PRODUCT = YES;
			};
			name = Release;
		};
		D4CD9ACE1F6866420079A121 /* Debug */ = {
			isa = XCBuildConfiguration;
			baseConfigurationReference = 0E0CC72051CAAB35FE8ABD9F /* Pods-VK.debug.xcconfig */;
			buildSettings = {
				ALWAYS_EMBED_SWIFT_STANDARD_LIBRARIES = YES;
				ASSETCATALOG_COMPILER_APPICON_NAME = AppIcon;
				CLANG_ENABLE_MODULES = YES;
				CODE_SIGN_ENTITLEMENTS = VK.entitlements;
				CODE_SIGN_IDENTITY = "iPhone Developer";
				DEVELOPMENT_TEAM = MLL2QM4L99;
				INFOPLIST_FILE = Weather/Info.plist;
				IPHONEOS_DEPLOYMENT_TARGET = 10.0;
				LD_RUNPATH_SEARCH_PATHS = "$(inherited) @executable_path/Frameworks";
				PRODUCT_BUNDLE_IDENTIFIER = com.rcntec.VK;
				PRODUCT_NAME = "$(TARGET_NAME)";
				SWIFT_OBJC_BRIDGING_HEADER = "";
				SWIFT_OPTIMIZATION_LEVEL = "-Onone";
				SWIFT_SWIFT3_OBJC_INFERENCE = Default;
				SWIFT_VERSION = 4.0;
				TARGETED_DEVICE_FAMILY = "1,2";
			};
			name = Debug;
		};
		D4CD9ACF1F6866420079A121 /* Release */ = {
			isa = XCBuildConfiguration;
			baseConfigurationReference = 8B5CA7E196ED9A947A5A5CF2 /* Pods-VK.release.xcconfig */;
			buildSettings = {
				ALWAYS_EMBED_SWIFT_STANDARD_LIBRARIES = YES;
				ASSETCATALOG_COMPILER_APPICON_NAME = AppIcon;
				CLANG_ENABLE_MODULES = YES;
				CODE_SIGN_ENTITLEMENTS = VK.entitlements;
				CODE_SIGN_IDENTITY = "iPhone Developer";
				DEVELOPMENT_TEAM = MLL2QM4L99;
				INFOPLIST_FILE = Weather/Info.plist;
				IPHONEOS_DEPLOYMENT_TARGET = 10.0;
				LD_RUNPATH_SEARCH_PATHS = "$(inherited) @executable_path/Frameworks";
				PRODUCT_BUNDLE_IDENTIFIER = com.rcntec.VK;
				PRODUCT_NAME = "$(TARGET_NAME)";
				SWIFT_OBJC_BRIDGING_HEADER = "";
				SWIFT_SWIFT3_OBJC_INFERENCE = Default;
				SWIFT_VERSION = 4.0;
				TARGETED_DEVICE_FAMILY = "1,2";
			};
			name = Release;
		};
		D4FA80CD1FD0E3230018421B /* Debug */ = {
			isa = XCBuildConfiguration;
			baseConfigurationReference = B25CA9819DD830E421478025 /* Pods-VK iMessage.debug.xcconfig */;
			buildSettings = {
				ASSETCATALOG_COMPILER_APPICON_NAME = "iMessage App Icon";
				CLANG_CXX_LANGUAGE_STANDARD = "gnu++14";
				CLANG_WARN_UNGUARDED_AVAILABILITY = YES_AGGRESSIVE;
				CODE_SIGN_ENTITLEMENTS = "VK iMessage/VK iMessage.entitlements";
				CODE_SIGN_IDENTITY = "iPhone Developer";
				CODE_SIGN_STYLE = Automatic;
				DEVELOPMENT_TEAM = MLL2QM4L99;
				GCC_C_LANGUAGE_STANDARD = gnu11;
				INFOPLIST_FILE = "VK iMessage/Info.plist";
				IPHONEOS_DEPLOYMENT_TARGET = 10.0;
				LD_RUNPATH_SEARCH_PATHS = "$(inherited) @executable_path/Frameworks @executable_path/../../Frameworks";
				PRODUCT_BUNDLE_IDENTIFIER = "com.rcntec.VK.VK-iMessage";
				PRODUCT_NAME = "$(TARGET_NAME)";
				SKIP_INSTALL = YES;
				SWIFT_VERSION = 4.0;
				TARGETED_DEVICE_FAMILY = "1,2";
			};
			name = Debug;
		};
		D4FA80CE1FD0E3230018421B /* Release */ = {
			isa = XCBuildConfiguration;
			baseConfigurationReference = C2CCF0720F880DA01BAA17D8 /* Pods-VK iMessage.release.xcconfig */;
			buildSettings = {
				ASSETCATALOG_COMPILER_APPICON_NAME = "iMessage App Icon";
				CLANG_CXX_LANGUAGE_STANDARD = "gnu++14";
				CLANG_WARN_UNGUARDED_AVAILABILITY = YES_AGGRESSIVE;
				CODE_SIGN_ENTITLEMENTS = "VK iMessage/VK iMessage.entitlements";
				CODE_SIGN_IDENTITY = "iPhone Developer";
				CODE_SIGN_STYLE = Automatic;
				DEVELOPMENT_TEAM = MLL2QM4L99;
				GCC_C_LANGUAGE_STANDARD = gnu11;
				INFOPLIST_FILE = "VK iMessage/Info.plist";
				IPHONEOS_DEPLOYMENT_TARGET = 10.0;
				LD_RUNPATH_SEARCH_PATHS = "$(inherited) @executable_path/Frameworks @executable_path/../../Frameworks";
				PRODUCT_BUNDLE_IDENTIFIER = "com.rcntec.VK.VK-iMessage";
				PRODUCT_NAME = "$(TARGET_NAME)";
				SKIP_INSTALL = YES;
				SWIFT_VERSION = 4.0;
				TARGETED_DEVICE_FAMILY = "1,2";
			};
			name = Release;
		};
/* End XCBuildConfiguration section */

/* Begin XCConfigurationList section */
		D436AFD51FCD544C00C5DE50 /* Build configuration list for PBXNativeTarget "VK extension" */ = {
			isa = XCConfigurationList;
			buildConfigurations = (
				D436AFD31FCD544C00C5DE50 /* Debug */,
				D436AFD41FCD544C00C5DE50 /* Release */,
			);
			defaultConfigurationIsVisible = 0;
			defaultConfigurationName = Release;
		};
		D4CB09BD1FD6DB9800F0449A /* Build configuration list for PBXNativeTarget "VK watch Extension" */ = {
			isa = XCConfigurationList;
			buildConfigurations = (
				D4CB09BB1FD6DB9800F0449A /* Debug */,
				D4CB09BC1FD6DB9800F0449A /* Release */,
			);
			defaultConfigurationIsVisible = 0;
			defaultConfigurationName = Release;
		};
		D4CB09BF1FD6DB9800F0449A /* Build configuration list for PBXNativeTarget "VK watch" */ = {
			isa = XCConfigurationList;
			buildConfigurations = (
				D4CB09B91FD6DB9800F0449A /* Debug */,
				D4CB09BA1FD6DB9800F0449A /* Release */,
			);
			defaultConfigurationIsVisible = 0;
			defaultConfigurationName = Release;
		};
		D4CD9AB61F6866420079A121 /* Build configuration list for PBXProject "VK" */ = {
			isa = XCConfigurationList;
			buildConfigurations = (
				D4CD9ACB1F6866420079A121 /* Debug */,
				D4CD9ACC1F6866420079A121 /* Release */,
			);
			defaultConfigurationIsVisible = 0;
			defaultConfigurationName = Release;
		};
		D4CD9ACD1F6866420079A121 /* Build configuration list for PBXNativeTarget "VK" */ = {
			isa = XCConfigurationList;
			buildConfigurations = (
				D4CD9ACE1F6866420079A121 /* Debug */,
				D4CD9ACF1F6866420079A121 /* Release */,
			);
			defaultConfigurationIsVisible = 0;
			defaultConfigurationName = Release;
		};
		D4FA80CF1FD0E3230018421B /* Build configuration list for PBXNativeTarget "VK iMessage" */ = {
			isa = XCConfigurationList;
			buildConfigurations = (
				D4FA80CD1FD0E3230018421B /* Debug */,
				D4FA80CE1FD0E3230018421B /* Release */,
			);
			defaultConfigurationIsVisible = 0;
			defaultConfigurationName = Release;
		};
/* End XCConfigurationList section */
	};
	rootObject = D4CD9AB31F6866420079A121 /* Project object */;
}
